{
  "version": 4,
  "terraform_version": "0.12.3",
  "serial": 87,
  "lineage": "b3885ec1-f4bb-25b7-898e-5008fd5b8a68",
  "outputs": {},
  "resources": [
    {
      "mode": "managed",
      "type": "azurerm_application_gateway",
      "name": "AppGate",
      "provider": "provider.azurerm",
      "instances": [
        {
          "schema_version": 0,
          "attributes": {
            "authentication_certificate": [],
            "autoscale_configuration": [],
            "backend_address_pool": [
              {
                "fqdn_list": [],
                "fqdns": [],
                "id": "/subscriptions/7b12a8a2-f06f-456f-b6f9-aa2d92e0b2ec/resourceGroups/gpitfutre-vnet-dev/providers/Microsoft.Network/applicationGateways/gpitfutre-AppGw-dev/backendAddressPools/gpitfutre-AppGw-dev-beap",
                "ip_address_list": [],
                "ip_addresses": [],
                "name": "gpitfutre-AppGw-dev-beap"
              }
            ],
            "backend_http_settings": [
              {
                "affinity_cookie_name": "",
                "authentication_certificate": [],
                "connection_draining": [],
                "cookie_based_affinity": "Disabled",
                "host_name": "",
                "id": "/subscriptions/7b12a8a2-f06f-456f-b6f9-aa2d92e0b2ec/resourceGroups/gpitfutre-vnet-dev/providers/Microsoft.Network/applicationGateways/gpitfutre-AppGw-dev/backendHttpSettingsCollection/gpitfutre-AppGw-dev-be-htst",
                "name": "gpitfutre-AppGw-dev-be-htst",
                "path": "/path/",
                "pick_host_name_from_backend_address": false,
                "port": 443,
                "probe_id": "",
                "probe_name": "",
                "protocol": "Https",
                "request_timeout": 1
              }
            ],
            "custom_error_configuration": [],
            "disabled_ssl_protocols": [],
            "enable_http2": false,
            "frontend_ip_configuration": [
              {
                "id": "/subscriptions/7b12a8a2-f06f-456f-b6f9-aa2d92e0b2ec/resourceGroups/gpitfutre-vnet-dev/providers/Microsoft.Network/applicationGateways/gpitfutre-AppGw-dev/frontendIPConfigurations/gpitfutre-AppGw-dev-feip",
                "name": "gpitfutre-AppGw-dev-feip",
                "private_ip_address": "",
                "private_ip_address_allocation": "Dynamic",
                "public_ip_address_id": "/subscriptions/7b12a8a2-f06f-456f-b6f9-aa2d92e0b2ec/resourceGroups/gpitfutre-vnet-dev/providers/Microsoft.Network/publicIPAddresses/gpitfutre-pip-dev",
                "subnet_id": ""
              }
            ],
            "frontend_port": [
              {
                "id": "/subscriptions/7b12a8a2-f06f-456f-b6f9-aa2d92e0b2ec/resourceGroups/gpitfutre-vnet-dev/providers/Microsoft.Network/applicationGateways/gpitfutre-AppGw-dev/frontendPorts/gpitfutre-AppGw-dev-feport",
                "name": "gpitfutre-AppGw-dev-feport",
                "port": 80
              }
            ],
            "gateway_ip_configuration": [
              {
                "id": "/subscriptions/7b12a8a2-f06f-456f-b6f9-aa2d92e0b2ec/resourceGroups/gpitfutre-vnet-dev/providers/Microsoft.Network/applicationGateways/gpitfutre-AppGw-dev/gatewayIPConfigurations/gpitfutre-gwip",
                "name": "gpitfutre-gwip",
                "subnet_id": "/subscriptions/7b12a8a2-f06f-456f-b6f9-aa2d92e0b2ec/resourceGroups/gpitfutre-vnet-dev/providers/Microsoft.Network/virtualNetworks/gpitfutre-vnet-dev/subnets/gpitfutre-gateway-dev"
              }
            ],
            "http_listener": [
              {
                "custom_error_configuration": [],
                "frontend_ip_configuration_id": "/subscriptions/7b12a8a2-f06f-456f-b6f9-aa2d92e0b2ec/resourceGroups/gpitfutre-vnet-dev/providers/Microsoft.Network/applicationGateways/gpitfutre-AppGw-dev/frontendIPConfigurations/gpitfutre-AppGw-dev-feip",
                "frontend_ip_configuration_name": "gpitfutre-AppGw-dev-feip",
                "frontend_port_id": "/subscriptions/7b12a8a2-f06f-456f-b6f9-aa2d92e0b2ec/resourceGroups/gpitfutre-vnet-dev/providers/Microsoft.Network/applicationGateways/gpitfutre-AppGw-dev/frontendPorts/gpitfutre-AppGw-dev-feport",
                "frontend_port_name": "gpitfutre-AppGw-dev-feport",
                "host_name": "",
                "id": "/subscriptions/7b12a8a2-f06f-456f-b6f9-aa2d92e0b2ec/resourceGroups/gpitfutre-vnet-dev/providers/Microsoft.Network/applicationGateways/gpitfutre-AppGw-dev/httpListeners/gpitfutre-AppGw-dev-httplstn",
                "name": "gpitfutre-AppGw-dev-httplstn",
                "protocol": "Http",
                "require_sni": false,
                "ssl_certificate_id": "",
                "ssl_certificate_name": ""
              }
            ],
            "id": "/subscriptions/7b12a8a2-f06f-456f-b6f9-aa2d92e0b2ec/resourceGroups/gpitfutre-vnet-dev/providers/Microsoft.Network/applicationGateways/gpitfutre-AppGw-dev",
            "identity": [],
            "location": "uksouth",
            "name": "gpitfutre-AppGw-dev",
            "probe": [],
            "redirect_configuration": [],
            "request_routing_rule": [
              {
                "backend_address_pool_id": "/subscriptions/7b12a8a2-f06f-456f-b6f9-aa2d92e0b2ec/resourceGroups/gpitfutre-vnet-dev/providers/Microsoft.Network/applicationGateways/gpitfutre-AppGw-dev/backendAddressPools/gpitfutre-AppGw-dev-beap",
                "backend_address_pool_name": "gpitfutre-AppGw-dev-beap",
                "backend_http_settings_id": "/subscriptions/7b12a8a2-f06f-456f-b6f9-aa2d92e0b2ec/resourceGroups/gpitfutre-vnet-dev/providers/Microsoft.Network/applicationGateways/gpitfutre-AppGw-dev/backendHttpSettingsCollection/gpitfutre-AppGw-dev-be-htst",
                "backend_http_settings_name": "gpitfutre-AppGw-dev-be-htst",
                "http_listener_id": "/subscriptions/7b12a8a2-f06f-456f-b6f9-aa2d92e0b2ec/resourceGroups/gpitfutre-vnet-dev/providers/Microsoft.Network/applicationGateways/gpitfutre-AppGw-dev/httpListeners/gpitfutre-AppGw-dev-httplstn",
                "http_listener_name": "gpitfutre-AppGw-dev-httplstn",
                "id": "/subscriptions/7b12a8a2-f06f-456f-b6f9-aa2d92e0b2ec/resourceGroups/gpitfutre-vnet-dev/providers/Microsoft.Network/applicationGateways/gpitfutre-AppGw-dev/requestRoutingRules/gpitfutre-AppGw-dev-rqrt",
                "name": "gpitfutre-AppGw-dev-rqrt",
                "redirect_configuration_id": "",
                "redirect_configuration_name": "",
                "rewrite_rule_set_id": "",
                "rewrite_rule_set_name": "",
                "rule_type": "Basic",
                "url_path_map_id": "",
                "url_path_map_name": ""
              }
            ],
            "resource_group_name": "gpitfutre-vnet-dev",
            "rewrite_rule_set": [],
            "sku": [
              {
                "capacity": 2,
                "name": "WAF_Medium",
                "tier": "WAF"
              }
            ],
            "ssl_certificate": [],
            "ssl_policy": [
              {
                "cipher_suites": [],
                "disabled_protocols": [],
                "min_protocol_version": "",
                "policy_name": "",
                "policy_type": ""
              }
            ],
            "tags": {},
            "url_path_map": [],
            "waf_configuration": [],
            "zones": []
          }
        }
      ]
    },
    {
      "mode": "managed",
      "type": "azurerm_container_registry",
      "name": "aks",
      "provider": "provider.azurerm",
      "instances": [
        {
          "schema_version": 2,
          "attributes": {
            "admin_enabled": true,
            "admin_password": "1j4S8sOQSGDVE4X/leD6YjT9MJK7HGbk",
            "admin_username": "gpitfutreaksdev",
            "georeplication_locations": null,
            "id": "/subscriptions/7b12a8a2-f06f-456f-b6f9-aa2d92e0b2ec/resourceGroups/gpitfutre-aks-dev/providers/Microsoft.ContainerRegistry/registries/gpitfutreaksdev",
            "location": "uksouth",
            "login_server": "gpitfutreaksdev.azurecr.io",
            "name": "gpitfutreaksdev",
            "network_rule_set": [],
            "resource_group_name": "gpitfutre-aks-dev",
            "sku": "Standard",
            "storage_account": [],
            "storage_account_id": null,
            "tags": {
              "Environment": "var.environment"
            }
          },
          "private": "eyJzY2hlbWFfdmVyc2lvbiI6IjIifQ==",
          "depends_on": [
            "azurerm_resource_group.aks"
          ]
        }
      ]
    },
    {
      "mode": "managed",
      "type": "azurerm_key_vault",
      "name": "keyvault",
      "provider": "provider.azurerm",
      "instances": [
        {
          "schema_version": 1,
          "attributes": {
            "access_policy": [],
            "enabled_for_deployment": false,
            "enabled_for_disk_encryption": true,
            "enabled_for_template_deployment": false,
            "id": "/subscriptions/7b12a8a2-f06f-456f-b6f9-aa2d92e0b2ec/resourceGroups/gpitfutre-kv-dev/providers/Microsoft.KeyVault/vaults/gpitfutre-kv-dev",
            "location": "uksouth",
            "name": "gpitfutre-kv-dev",
            "network_acls": [],
            "resource_group_name": "gpitfutre-kv-dev",
            "sku": [
              {
                "name": "standard"
              }
            ],
            "sku_name": "standard",
            "tags": {
              "environment": "dev"
            },
            "tenant_id": "50f6071f-bbfe-401a-8803-673748e629e2",
            "vault_uri": "https://gpitfutre-kv-dev.vault.azure.net/"
          },
          "private": "eyJzY2hlbWFfdmVyc2lvbiI6IjEifQ==",
          "depends_on": [
            "azurerm_resource_group.keyvault"
          ]
        }
      ]
    },
    {
      "mode": "managed",
      "type": "azurerm_kubernetes_cluster",
      "name": "aks",
      "provider": "provider.azurerm",
      "instances": [
        {
          "schema_version": 0,
          "attributes": {
            "addon_profile": [
              {
                "aci_connector_linux": [],
                "http_application_routing": [],
                "oms_agent": []
              }
            ],
            "agent_pool_profile": [
              {
                "availability_zones": [],
                "count": 1,
                "dns_prefix": "",
                "enable_auto_scaling": false,
                "fqdn": "gpitfutreaksdnsdev-58c628d1.hcp.uksouth.azmk8s.io",
                "max_count": 0,
                "max_pods": 110,
                "min_count": 0,
                "name": "gpitdevpool1",
                "node_taints": [],
                "os_disk_size_gb": 30,
                "os_type": "Linux",
                "type": "AvailabilitySet",
                "vm_size": "Standard_D2_v3",
                "vnet_subnet_id": "/subscriptions/7b12a8a2-f06f-456f-b6f9-aa2d92e0b2ec/resourceGroups/gpitfutre-vnet-dev/providers/Microsoft.Network/virtualNetworks/gpitfutre-vnet-dev/subnets/gpitfutre-aks-dev"
              }
            ],
            "api_server_authorized_ip_ranges": [],
            "dns_prefix": "gpitfutreaksdnsdev",
            "enable_pod_security_policy": false,
            "fqdn": "gpitfutreaksdnsdev-58c628d1.hcp.uksouth.azmk8s.io",
            "id": "/subscriptions/7b12a8a2-f06f-456f-b6f9-aa2d92e0b2ec/resourcegroups/gpitfutre-aks-dev/providers/Microsoft.ContainerService/managedClusters/gpitfutre-aks-dev",
            "kube_admin_config": [],
            "kube_admin_config_raw": "",
            "kube_config": [
              {
                "client_certificate": "LS0tLS1CRUdJTiBDRVJUSUZJQ0FURS0tLS0tCk1JSUUvRENDQXVTZ0F3SUJBZ0lRUWphZUhoSmpCYzUxUlIxNlBWMTVjREFOQmdrcWhraUc5dzBCQVFzRkFEQU4KTVFzd0NRWURWUVFERXdKallUQWVGdzB4T1RBNU1ETXhNelUxTVRkYUZ3MHlNVEE1TURJeE5EQTFNVGRhTURBeApGekFWQmdOVkJBb1REbk41YzNSbGJUcHRZWE4wWlhKek1SVXdFd1lEVlFRREV3eHRZWE4wWlhKamJHbGxiblF3CmdnSWlNQTBHQ1NxR1NJYjNEUUVCQVFVQUE0SUNEd0F3Z2dJS0FvSUNBUURFdmhJdEZrN1Q4SU5RbEw2ZnA1clgKVmdYeXA5Qkw2Q3ZMd1QwZ0ZLNEc5WHdtZjNYVmhzU2ZRdWlVNDV0aFphenE4YmtGOTE0WEoydGF2OHMzTit2UApDRWRIUERWSytyQmRmRlVCZDVJY25ldFM3WEt3N08yOWEvWVBoNHFQM0hOYThhdWh0N2Qzc0RKOXVtaEdrM1RFCnNSL1pyNTYxU0NUOElxTy9yRGJWM0xqK2tWbVd6a0VjSzNOcmdsVXFJVVdYZVhhUmFHL1kxSldzQWJqZjFlNkEKNU5BekEvUGhBVGY5eUZJUHpnSTZJbkN3L0ZqYWgza2xBNW5ITitjbkpoSUJTOEtQWVE0Q2N6dzhzNGxXY0xUVQpaWFJXZmUxWUt5RWlyeXhNSjM3MC9ZY0RyUHlPVlZBajlZTGs0OFJNalprQU1sRmdmL1d5OEcwS05TSjJPT202CnVSdXEwTGwwTldsM3RVV1ZCT1BhVmgvbFNzSUZpV2ltL0pRU1RlNzJZT2RxWVFMZVI4cVZiRGFzaWdZdEVhMU4KbDJ3M2NLT2l5MHVSNFVKUW43cFhpNElaWnJlTExERlRpRklUUzFNLzVIWFlwTkszazk1ejZFYUVHbkM5WHdoMAo3S0M2cnpMaWI0dmxvRkFTemhyQVp6ekRHYlNVSU1kUm5GdE5QSWFnWTlmYjFnYkh6SjkvUDg5Z1VJTEtONDlFCjdWTkcvNFoyM25xQWEvSFBvbjluYjR2Wk5QM3dFVzBHYlhvZzJobDlTNWo3MWZtblc5UkJMUDJXUE9ROU5mZXQKRndPcUd0S3FqUEpEYndVVXhBN2JwSkFsYTdsRXZyQS9wTVdhS1BsenBLNmxIQnFYSFhFME5CYjBBRU5VcnZhdwpaTktKUHo3ZzZnbllQaUhrQ2lkalRRSURBUUFCb3pVd016QU9CZ05WSFE4QkFmOEVCQU1DQmFBd0V3WURWUjBsCkJBd3dDZ1lJS3dZQkJRVUhBd0l3REFZRFZSMFRBUUgvQkFJd0FEQU5CZ2txaGtpRzl3MEJBUXNGQUFPQ0FnRUEKYitmZk1LVTQ1ckJVWnBTM0RNV3FtcUVpeUJSaDZxZ3A1bXVKRGtrQy9yaGRZemllb0k1TkhxdGFkZjk4RjhENQpJYlp1ZFlGc0NMekNPRkNZcDJ6c2c1N2N0cUNRTXJ6OFVKK3lSMEZ0eHBySzJZOXdHV0tCTUg3ZThDMXJuckJUCjVMWlhwWWQ3aXAvdSs2VVlzMGFtZEl1RkhaNFVXUEp3WU52dDBla0JmTXBDaGlneGxJOG45UFJzWUVzNnBwdloKeFJ6ZDBKWnVMTWdMOTBLRnhrdlV0K2FWODdFeHdpLzhpdDZiTzA4MWtJcm5lWS9MZ0xCbUhTYzFFa0VSQ0QvdQpOcmhvcXhiVzFRRDlLMlF6UmdKaVM0bloyUTg1bHhXWENrQ0Q2Rmd5a1U4UXN0YThUT2p2VzdyT3gzRERNbnNyCkE5VWVOSmszTjk0R3B2RXZtWUp4QXdVSFVHYndoS0wzTmR2alRwM2J3bFUwL0Z2cHNxa2s1ZUVPZFp3cTIrUnMKUDlaVU1xbTYrN3ZJV04rRTRqZ0tMMmdrTHBpbEZwUnF6UUtJNzJhSXRod2VmZ3NhZ211dnkzWEJmRGpGSHNlLwpRekhXVnVoaExra2NGd2FkNnlXNFk5b2RwUm9ReUVFUFRwOG9oZzlHU1FodEl0NlV4b2ErdnVDc2J3OWF4TlNwCm5JWTNnVmRWdDUvRDA4SXRWKzFZeEF4RTI0UFY4Z3JLbGhPNlNtVkd6WEVpUXFHbEJIRU5wRnVoWDZOVU81TXYKNStFQkdCYTVEUWVVS0FFb2FOb0hjUi9VQVRVWVdhQ1ROQ1FlcFN2S1RmNVg3Qyt5ZGVCVkVOb1pRNDNyYnhUagp1cFdCYlF5c1BBZXRKMXVXVFhBZkp0SkhZVngxM2E5OWxxV3B0WmpjM0NzPQotLS0tLUVORCBDRVJUSUZJQ0FURS0tLS0tCg==",
                "client_key": "LS0tLS1CRUdJTiBSU0EgUFJJVkFURSBLRVktLS0tLQpNSUlKS2dJQkFBS0NBZ0VBeEw0U0xSWk8wL0NEVUpTK242ZWExMVlGOHFmUVMrZ3J5OEU5SUJTdUJ2VjhKbjkxCjFZYkVuMExvbE9PYllXV3M2dkc1QmZkZUZ5ZHJXci9MTnpmcnp3aEhSencxU3Zxd1hYeFZBWGVTSEozclV1MXkKc096dHZXdjJENGVLajl4eld2R3JvYmUzZDdBeWZicG9ScE4weExFZjJhK2V0VWdrL0NLanY2dzIxZHk0L3BGWgpsczVCSEN0emE0SlZLaUZGbDNsMmtXaHYyTlNWckFHNDM5WHVnT1RRTXdQejRRRTMvY2hTRDg0Q09pSndzUHhZCjJvZDVKUU9aeHpmbkp5WVNBVXZDajJFT0FuTThQTE9KVm5DMDFHVjBWbjN0V0NzaElxOHNUQ2QrOVAySEE2ejgKamxWUUkvV0M1T1BFVEkyWkFESlJZSC8xc3ZCdENqVWlkampwdXJrYnF0QzVkRFZwZDdWRmxRVGoybFlmNVVyQwpCWWxvcHZ5VUVrM3U5bURuYW1FQzNrZktsV3cycklvR0xSR3RUWmRzTjNDam9zdExrZUZDVUorNlY0dUNHV2EzCml5d3hVNGhTRTB0VFArUjEyS1RTdDVQZWMraEdoQnB3dlY4SWRPeWd1cTh5NG0rTDVhQlFFczRhd0djOHd4bTAKbENESFVaeGJUVHlHb0dQWDI5WUd4OHlmZnovUFlGQ0N5amVQUk8xVFJ2K0dkdDU2Z0d2eHo2Si9aMitMMlRUOQo4QkZ0Qm0xNklOb1pmVXVZKzlYNXAxdlVRU3o5bGp6a1BUWDNyUmNEcWhyU3FvenlRMjhGRk1RTzI2U1FKV3U1ClJMNndQNlRGbWlqNWM2U3VwUndhbHgxeE5EUVc5QUJEVks3MnNHVFNpVDgrNE9vSjJENGg1QW9uWTAwQ0F3RUEKQVFLQ0FnRUFzQzlLVmFnUmhZaHYvL3lFVExNcVhjWkNZMUJXbjNOVnJRenFzVXp6bjNXODdUamRqQTg1Q3lvKwozLzZIeWd2a2N5MXV0T0lXRjRRTWhtTVZGK2p6T2g2K3ZoTXo0bVpuQkFEd212UzZHdmhzb1lIVVlJNThSRkpuCk12YjlaZUZVU0UvOWxEL1NnOU45RTh5WHp3UUQ0SlNCNGs1OFFQbFBiWitUcG5VUlVpbHNYVVJLeDFzRFFiZkQKajdaU2ovemx0a1Ztb2NhMXlxWnRObkVBWHlyVWdBYm9UNWN0a2dTbVlKVkFyN2liay9YOWx2RVVuUFlPemMvUQpxVy90aDhoMi9VUWNBb3cyb0lrVG00Um42OG5ZbGhBWXc4L1hlVXArVFBJMEtDcUNiZUNRUlFGbjFncWVUdVZ3Cmg0dFU0ZjAzMDg0N3c4QXpoai82VmRiSmVyZHl6bHM3WkUyaW1ZTGxYaGRSOXZKVlZENmhPN1hnLzUzU2dzdWgKczZ4SGpibm5CL2o0MTNBeXE0SEozS1M2RVpzSjJqdEx5YUJ2blVheDVkaElKMVhJRWNPQUJCSnJ4QnRwNGoxbQpUS2gyZ2ROWjVRRXZIZmR1YkdHTkdKR200WnJTdk9pSk8zLzIrTkg3MWhGRHpYakxwTnhsaWNVTzZjSTR4dWtECmdDTFVQSEZuejVOWnd1a1c1VTBGRFhYajlFNFZzcDFmU293SUxOblZieHhSU25Hb0VENmp1VXpoU0o4MXU2ZmoKQ1VsZHMzN2tTcnVaRlZ5UVdyNmg2ZjFCR0VOSWJCdWFvNml0bWJQd0Y3NUdxcG1DRDVnM0dBUzJ2YTVwaGNqZApiY3hoaDlyMUY0SGpCeFdCLytIMml5VHhiSlcrNUZKbHFFNzhNUG5tWmZqdUlvemladjBDZ2dFQkFOOTc3KzBKCkYvL3gzL01zamxDUWYrWnBYbkdZYk1BbzhsSmV3eVFNcEVoUXd1VVZPWTl0eGIvcGxXWjNLNmovSTdJQkJVcTMKaDRocWhPbmpBVldIQTgzZnkzekNidFdoRW5CUjMwcmJ5N2FHUWhCUFlqQkhnYVBvZ1NrK0tzRU0xYkVadXdDdQowK1k1R2FkZk1BczlCUFZ0NEtSK1BCTHphWW03bW1YaUVQaWxvR1V1WE9nZmxxTEJ6Sjl2UjlMVGpwbDNmWm9XCi9aOWpqU0llaVNMNWNENm5vQktxaWhWUlZ2UGF6bmozVWU3Nks1UVFZcmY5em5Ya29EZ1VJOEZJUXZBK0ZKZ20KRHNrcE1iWDc2ejNKdGkvUnFUMGJ1cGVnclJvaTQ3YkkyditkU1dPQWM5QkxES1U5VWp0Vk1QNTZVK2piSFZSMQpLdFNpUjJhdS9CWnpkZnNDZ2dFQkFPRmVGOUk1VnJPdWRCUWV2M2pYRXQyQmxweXE0alVxL2d1MzBYYnlNOTZ6CnB6Zk80WWpmakxYYUxUWll6bmNGUDlQWlBwaWpDQlNOM1l2bHlFcVZKRnprQlBaWnZUcVUybkpON3V3WWNLUjYKYVRCbW1iNC9TeE8yTURVZXlrQkV5bndVWVFPVG9VWUN5eVhIUFNGSDFadUdPeFlVTjNjUkdyOHFFcWt3ZktNNwp3U1MwbzdVOURRcHNkZnlsU0FlemRlNXhhVnR4Z0tCNmJnZjJTajJ1Y2ZYSVVlUFl2ZVgwM0M3Qk5xM2JOOVNCCmZuTDNmei9BM2ptVERNejRjeWRoR1JqYnM5UkRqWTlTQ29DS3hBbTZlNmJlY0oxdXRCSU1YWktIbzYxam5nVmYKS2tsengxL3ZpbmRLQ3o1N29ZRm5wNWloRGtOQlhvRGk2UEYvZzdJNzhWY0NnZ0VCQUxueFpLN1Q0aVFTRzBNNAp6ekE1Q2pHcmVla0o2WEg0bjZYcE1uUE1FT1FhVGc1TW1wZTd2Y3p2akY2MHlKN1RxZDl3K2ZZd3ZaUERETk9OCkRJOGN4dzJFSnNxbSs1RERjNVFBaXNpK0Y4REY5REdkMnhSUWFvejE1b0ZxT0NobmhXVFZBOEtOczhEWndYNkEKdEhpbFRIcm44UURzQncrOWR4SWlCVlMvdzE4ZWIxWEFQWXprdTNDdnpwRFpCZWxrSEVHVUtlMExNL3BwMmdPSgpaSkMwK2E4bnlRZSszU1RmaUhsY2xHNFJXUnA5QzhVbDNQMDVMNDducW1iK1dzRjJYanVGYTUwc0RTRlNKUXBGCmtIVFlYNzFwdEdZanJCeDhrNG9yZlV1WDBwN2JQelNLcTlHaW4rTGNJbzg3VW9ocFAyZCs1K2hkbEVWV3dCR3YKaGc4b0FnRUNnZ0VCQUxsdEU2aHlhUFhaMmNRY01Hb2FlM2twQUdUUzdOL1dDY1JXYjgrd0pDRmVLMzF0aUg5MwpmMnk0b0c2UXp2OTZvRE9NRVViQkRRcnNWcGFlYnhkK2NyYkRIWm9iNStmbFJYNjZ4SlFZMzhWVXVtdUtYNEQ2CnpxamZRL2JRNkpQTWhkVmxaeFRzU01zenpUVytJbnZaZ05VL3Npbk9aSHhnNUdMWkdSVi93VzBFNHp0eUxTZ1gKblQwd1ZEdVZPaGlyL2FJOFNmVmxBL0lHQ2JZZlhLSTNmNmc4TTdTR1JtaUgrUW0zQzJnc2NGazJXblg1VVFlQgpodFpVT1RvRVNhcmk1eVZlenkwY2o4S1dPL0hiT3NUT1hLTEZibDc2RU1xd3hlU2tHWFcxK3ZSc2dueUErRS9rCjVVYVU4MzlyZFV6bG5pMmtoZm1zTlRkU2Uxc0lFYkY2UkcwQ2dnRUFFRElIWFFrQU92K2JoYXJ1OEdsMDNEcDAKS0FZMWFvdS9CbWVDZXRXc2gwQTNQZ3RQUmE3L2I4bXB4eGhRelR2VU9SdEMzcjZrZVNoK0RtUEZHKzhSdWlnagpaYTBjUVlGVDJTTUNQVDJUMUt2c2JFWEhEalhvTXFFdUhzRjlQQVlxS3NjTllZMmNoUVhIOWRvZ1lIeTFuTXZDClRhVUlKdjN4K2wwMndmMmJtWndYRjR2RDl4OGQxRjRrVlRoWDhIOXp2T2xiZEZYN0JBQlozWkFvVnBoUEp5bVIKZWZrbG5wSWU1aDNkM1lBQlgvRUpvNmluT2tRUjFPYTJyZCtPVStEeHVWNm9XRGlQTHdsejJVaHdFaHRFSXVGaAo5L2xLWVBtYy90TzdZdzlaZzBWUncrZUJiV1cxd1M5cU5ld3AzeGVJZW5DM2c5czczeHNZZjlMSUQvVjNLZz09Ci0tLS0tRU5EIFJTQSBQUklWQVRFIEtFWS0tLS0tCg==",
                "cluster_ca_certificate": "LS0tLS1CRUdJTiBDRVJUSUZJQ0FURS0tLS0tCk1JSUV4ekNDQXErZ0F3SUJBZ0lRSS8yb2tHM3ZMeTlyV2dNNlRVUmpyakFOQmdrcWhraUc5dzBCQVFzRkFEQU4KTVFzd0NRWURWUVFERXdKallUQWVGdzB4T1RBNU1ETXhNelUxTVRkYUZ3MDBPVEE0TWpZeE5EQTFNVGRhTUEweApDekFKQmdOVkJBTVRBbU5oTUlJQ0lqQU5CZ2txaGtpRzl3MEJBUUVGQUFPQ0FnOEFNSUlDQ2dLQ0FnRUF0cVh3CkZ2SkNlYlhMb0ZWWEJIc09vQjVGR1JLMUxCK1c2UGpZd0hxelB3dlRtYVFEV3ZFUmJqR0FCV0lXeUNZMENuazYKb1J4WXJWTGd5V085MHd3Mzc2U3RSUmxnMmpmeXZJcWZyMzY5b09Mb1pmYmFlL2NFK3NIUTE0Q2NBcE02RG5yYQplY2txZ1JaTW1qQXdSWE8rc1VJY0pIditobGYwbzBZUTlPdEh3bVBwVVJib2dvdTVBVUZRdUtMVWI5azVzTVlvCjh6ejBxMHl1TXdUcll5L2ZublN1c3RlVUx5VkhPZjVuTWlSdHdGZmpIZk1xaytydU52VXpJVlc4bnh5Q0xjS2gKOWpFWCtOUjgwanhaSG9ON3dteHlldnB2dS9NcndVQW1qTVFnNDZxQS9TYXdoTUZERkp1ekFWNFFjQWpQUCt6VApGZHA4NHRlTGIzNjNHYmJKcUhTOFhmUkhFaGNFOU9BUjkzdnZBaFNyZ1ZHc3dFaEUyQzRlRkhNUnp0VFVhMFNRClFZekc5dGFISVBsOWEvYWwzcElVWFdzRlNoVzMxZjBnWHdjNHgyeUZvdFY2cmFIRndUamhhUkVXZVJsRmVtUysKbWZzU1gyYk01UUROUEZmMEZlbWN2UTVldk9DaG5YZFB6WjczZC9HVUU1VTZOTUI0T1AwNmdJQmdiV2FJR1JqUgpWRmxGNy9Td0FvdEwvbXc4aEh6MXNiS1QxbDhobDhmMWJLTHpxVmJCeFVyRzdhbiszVEV5YTFKYnlJblRqT2kxCmhOQWxybStvc3V1MUJtbGxWR0tuWER5SEhlTERhSU1zMWQxa0tXNmhMNU5XZUFHM2x4WDA2QXhQUUNOVFk5dVUKN09jODZiMVc5UTBWTXl6YkZHVkppOCtGMFlTd3J6WG9XNTVZRXowQ0F3RUFBYU1qTUNFd0RnWURWUjBQQVFILwpCQVFEQWdLa01BOEdBMVVkRXdFQi93UUZNQU1CQWY4d0RRWUpLb1pJaHZjTkFRRUxCUUFEZ2dJQkFHYTAxRDVwCmkzM0RSZnU0cmNSMFRuVm9WK1owMExQTU9ja3RuMDV2dWt2d3BmQ3dreVRDM3ZDRnpZTi9JQ3h2eHBJSlVkdTUKQjdKeDhZR0Jsckxpa2pBcjRNSTkydGpqZ0dDYzBPSzc3c2J0VkRmbDd2bDArcmZmdm9Xam5EcCtBcnl2czlnNQpUVE1BSmNSSjVKTXpVUEdxZkt0UWUvRFEyRjYyTlFjaFZvT2hUK3RSLzFGVmVwSGJRSy8yczlIcFJOUUxyQktBCmdxTzhsaGRKelhiSGMvUCtkcVlvMHlkdWFvQ2dFOXlBWFJ5a29kMEtUQ2ZyZXZoRjAvWWFjQzFlUGNyUzA3aUsKSm8veFR0SG9uT0x0VUU3SXRwRkQvanpnRjI4QWd0NkgyL2h2S0FuaG1XU3NCYkFqZXMyZjdtV3N6b2RyUzFnNQowYWNueHV5a2pwdndTd2cyVC91ZFJQRXR6aXNWUi9XMFRUeElXY2tuNExPMmtveVRHRE9mek5pVzJ5aDZMTytJCnpYeTJZZ1pma1c3NStLRUc1NVkwZWM3dXJ3YVR0WEg4SmZBMHBXYWU4M0c3SUJOMDVsQlVCaGJ2ZGhhcDY2Z0sKSDd3MHF6TW1POXhWQ0xGeVB4V0xEWXQxZEFxMmVwZE9iUlpob3pPTWF1OWFSNWR5a0FKQWlNVWZ6N2pvN3FoYwpVU2JHK0x0YWhtQXd1eVkzNVhWWE1ielRmUWUrQ005RlhydGhsZTBxNnRTa3pleTAzQnd5Sjl5YWwyQUZrcnNxCjF3SGNaOEZoeWJZNHU5MFlxWStrV3Y0Z2RYTEZZRWZlaVY1dXovVUEvS1NRU1V1aGdDZnA3UGpRRHFTZUJML2kKdVh2WS94bHU3aWxSc2hhYVU5L1NmcFRmak9OZ09MSEhPWXYvCi0tLS0tRU5EIENFUlRJRklDQVRFLS0tLS0K",
                "host": "https://gpitfutreaksdnsdev-58c628d1.hcp.uksouth.azmk8s.io:443",
                "password": "IyE9kaOnhP7BjEmi6Lj3kQ0OWwXrOz9ey5PLNrJkXyFAY2iQY1dznF5S7oBLvBaQo2wlbcvDi3Ne20twrYF73gFhYJPwVOQy72Bcc5t9K50jSDoDXs5i8VFYRShxtshL",
                "username": "clusterUser_gpitfutre-aks-dev_gpitfutre-aks-dev"
              }
            ],
            "kube_config_raw": "apiVersion: v1\nclusters:\n- cluster:\n    certificate-authority-data: LS0tLS1CRUdJTiBDRVJUSUZJQ0FURS0tLS0tCk1JSUV4ekNDQXErZ0F3SUJBZ0lRSS8yb2tHM3ZMeTlyV2dNNlRVUmpyakFOQmdrcWhraUc5dzBCQVFzRkFEQU4KTVFzd0NRWURWUVFERXdKallUQWVGdzB4T1RBNU1ETXhNelUxTVRkYUZ3MDBPVEE0TWpZeE5EQTFNVGRhTUEweApDekFKQmdOVkJBTVRBbU5oTUlJQ0lqQU5CZ2txaGtpRzl3MEJBUUVGQUFPQ0FnOEFNSUlDQ2dLQ0FnRUF0cVh3CkZ2SkNlYlhMb0ZWWEJIc09vQjVGR1JLMUxCK1c2UGpZd0hxelB3dlRtYVFEV3ZFUmJqR0FCV0lXeUNZMENuazYKb1J4WXJWTGd5V085MHd3Mzc2U3RSUmxnMmpmeXZJcWZyMzY5b09Mb1pmYmFlL2NFK3NIUTE0Q2NBcE02RG5yYQplY2txZ1JaTW1qQXdSWE8rc1VJY0pIditobGYwbzBZUTlPdEh3bVBwVVJib2dvdTVBVUZRdUtMVWI5azVzTVlvCjh6ejBxMHl1TXdUcll5L2ZublN1c3RlVUx5VkhPZjVuTWlSdHdGZmpIZk1xaytydU52VXpJVlc4bnh5Q0xjS2gKOWpFWCtOUjgwanhaSG9ON3dteHlldnB2dS9NcndVQW1qTVFnNDZxQS9TYXdoTUZERkp1ekFWNFFjQWpQUCt6VApGZHA4NHRlTGIzNjNHYmJKcUhTOFhmUkhFaGNFOU9BUjkzdnZBaFNyZ1ZHc3dFaEUyQzRlRkhNUnp0VFVhMFNRClFZekc5dGFISVBsOWEvYWwzcElVWFdzRlNoVzMxZjBnWHdjNHgyeUZvdFY2cmFIRndUamhhUkVXZVJsRmVtUysKbWZzU1gyYk01UUROUEZmMEZlbWN2UTVldk9DaG5YZFB6WjczZC9HVUU1VTZOTUI0T1AwNmdJQmdiV2FJR1JqUgpWRmxGNy9Td0FvdEwvbXc4aEh6MXNiS1QxbDhobDhmMWJLTHpxVmJCeFVyRzdhbiszVEV5YTFKYnlJblRqT2kxCmhOQWxybStvc3V1MUJtbGxWR0tuWER5SEhlTERhSU1zMWQxa0tXNmhMNU5XZUFHM2x4WDA2QXhQUUNOVFk5dVUKN09jODZiMVc5UTBWTXl6YkZHVkppOCtGMFlTd3J6WG9XNTVZRXowQ0F3RUFBYU1qTUNFd0RnWURWUjBQQVFILwpCQVFEQWdLa01BOEdBMVVkRXdFQi93UUZNQU1CQWY4d0RRWUpLb1pJaHZjTkFRRUxCUUFEZ2dJQkFHYTAxRDVwCmkzM0RSZnU0cmNSMFRuVm9WK1owMExQTU9ja3RuMDV2dWt2d3BmQ3dreVRDM3ZDRnpZTi9JQ3h2eHBJSlVkdTUKQjdKeDhZR0Jsckxpa2pBcjRNSTkydGpqZ0dDYzBPSzc3c2J0VkRmbDd2bDArcmZmdm9Xam5EcCtBcnl2czlnNQpUVE1BSmNSSjVKTXpVUEdxZkt0UWUvRFEyRjYyTlFjaFZvT2hUK3RSLzFGVmVwSGJRSy8yczlIcFJOUUxyQktBCmdxTzhsaGRKelhiSGMvUCtkcVlvMHlkdWFvQ2dFOXlBWFJ5a29kMEtUQ2ZyZXZoRjAvWWFjQzFlUGNyUzA3aUsKSm8veFR0SG9uT0x0VUU3SXRwRkQvanpnRjI4QWd0NkgyL2h2S0FuaG1XU3NCYkFqZXMyZjdtV3N6b2RyUzFnNQowYWNueHV5a2pwdndTd2cyVC91ZFJQRXR6aXNWUi9XMFRUeElXY2tuNExPMmtveVRHRE9mek5pVzJ5aDZMTytJCnpYeTJZZ1pma1c3NStLRUc1NVkwZWM3dXJ3YVR0WEg4SmZBMHBXYWU4M0c3SUJOMDVsQlVCaGJ2ZGhhcDY2Z0sKSDd3MHF6TW1POXhWQ0xGeVB4V0xEWXQxZEFxMmVwZE9iUlpob3pPTWF1OWFSNWR5a0FKQWlNVWZ6N2pvN3FoYwpVU2JHK0x0YWhtQXd1eVkzNVhWWE1ielRmUWUrQ005RlhydGhsZTBxNnRTa3pleTAzQnd5Sjl5YWwyQUZrcnNxCjF3SGNaOEZoeWJZNHU5MFlxWStrV3Y0Z2RYTEZZRWZlaVY1dXovVUEvS1NRU1V1aGdDZnA3UGpRRHFTZUJML2kKdVh2WS94bHU3aWxSc2hhYVU5L1NmcFRmak9OZ09MSEhPWXYvCi0tLS0tRU5EIENFUlRJRklDQVRFLS0tLS0K\n    server: https://gpitfutreaksdnsdev-58c628d1.hcp.uksouth.azmk8s.io:443\n  name: gpitfutre-aks-dev\ncontexts:\n- context:\n    cluster: gpitfutre-aks-dev\n    user: clusterUser_gpitfutre-aks-dev_gpitfutre-aks-dev\n  name: gpitfutre-aks-dev\ncurrent-context: gpitfutre-aks-dev\nkind: Config\npreferences: {}\nusers:\n- name: clusterUser_gpitfutre-aks-dev_gpitfutre-aks-dev\n  user:\n    client-certificate-data: LS0tLS1CRUdJTiBDRVJUSUZJQ0FURS0tLS0tCk1JSUUvRENDQXVTZ0F3SUJBZ0lRUWphZUhoSmpCYzUxUlIxNlBWMTVjREFOQmdrcWhraUc5dzBCQVFzRkFEQU4KTVFzd0NRWURWUVFERXdKallUQWVGdzB4T1RBNU1ETXhNelUxTVRkYUZ3MHlNVEE1TURJeE5EQTFNVGRhTURBeApGekFWQmdOVkJBb1REbk41YzNSbGJUcHRZWE4wWlhKek1SVXdFd1lEVlFRREV3eHRZWE4wWlhKamJHbGxiblF3CmdnSWlNQTBHQ1NxR1NJYjNEUUVCQVFVQUE0SUNEd0F3Z2dJS0FvSUNBUURFdmhJdEZrN1Q4SU5RbEw2ZnA1clgKVmdYeXA5Qkw2Q3ZMd1QwZ0ZLNEc5WHdtZjNYVmhzU2ZRdWlVNDV0aFphenE4YmtGOTE0WEoydGF2OHMzTit2UApDRWRIUERWSytyQmRmRlVCZDVJY25ldFM3WEt3N08yOWEvWVBoNHFQM0hOYThhdWh0N2Qzc0RKOXVtaEdrM1RFCnNSL1pyNTYxU0NUOElxTy9yRGJWM0xqK2tWbVd6a0VjSzNOcmdsVXFJVVdYZVhhUmFHL1kxSldzQWJqZjFlNkEKNU5BekEvUGhBVGY5eUZJUHpnSTZJbkN3L0ZqYWgza2xBNW5ITitjbkpoSUJTOEtQWVE0Q2N6dzhzNGxXY0xUVQpaWFJXZmUxWUt5RWlyeXhNSjM3MC9ZY0RyUHlPVlZBajlZTGs0OFJNalprQU1sRmdmL1d5OEcwS05TSjJPT202CnVSdXEwTGwwTldsM3RVV1ZCT1BhVmgvbFNzSUZpV2ltL0pRU1RlNzJZT2RxWVFMZVI4cVZiRGFzaWdZdEVhMU4KbDJ3M2NLT2l5MHVSNFVKUW43cFhpNElaWnJlTExERlRpRklUUzFNLzVIWFlwTkszazk1ejZFYUVHbkM5WHdoMAo3S0M2cnpMaWI0dmxvRkFTemhyQVp6ekRHYlNVSU1kUm5GdE5QSWFnWTlmYjFnYkh6SjkvUDg5Z1VJTEtONDlFCjdWTkcvNFoyM25xQWEvSFBvbjluYjR2Wk5QM3dFVzBHYlhvZzJobDlTNWo3MWZtblc5UkJMUDJXUE9ROU5mZXQKRndPcUd0S3FqUEpEYndVVXhBN2JwSkFsYTdsRXZyQS9wTVdhS1BsenBLNmxIQnFYSFhFME5CYjBBRU5VcnZhdwpaTktKUHo3ZzZnbllQaUhrQ2lkalRRSURBUUFCb3pVd016QU9CZ05WSFE4QkFmOEVCQU1DQmFBd0V3WURWUjBsCkJBd3dDZ1lJS3dZQkJRVUhBd0l3REFZRFZSMFRBUUgvQkFJd0FEQU5CZ2txaGtpRzl3MEJBUXNGQUFPQ0FnRUEKYitmZk1LVTQ1ckJVWnBTM0RNV3FtcUVpeUJSaDZxZ3A1bXVKRGtrQy9yaGRZemllb0k1TkhxdGFkZjk4RjhENQpJYlp1ZFlGc0NMekNPRkNZcDJ6c2c1N2N0cUNRTXJ6OFVKK3lSMEZ0eHBySzJZOXdHV0tCTUg3ZThDMXJuckJUCjVMWlhwWWQ3aXAvdSs2VVlzMGFtZEl1RkhaNFVXUEp3WU52dDBla0JmTXBDaGlneGxJOG45UFJzWUVzNnBwdloKeFJ6ZDBKWnVMTWdMOTBLRnhrdlV0K2FWODdFeHdpLzhpdDZiTzA4MWtJcm5lWS9MZ0xCbUhTYzFFa0VSQ0QvdQpOcmhvcXhiVzFRRDlLMlF6UmdKaVM0bloyUTg1bHhXWENrQ0Q2Rmd5a1U4UXN0YThUT2p2VzdyT3gzRERNbnNyCkE5VWVOSmszTjk0R3B2RXZtWUp4QXdVSFVHYndoS0wzTmR2alRwM2J3bFUwL0Z2cHNxa2s1ZUVPZFp3cTIrUnMKUDlaVU1xbTYrN3ZJV04rRTRqZ0tMMmdrTHBpbEZwUnF6UUtJNzJhSXRod2VmZ3NhZ211dnkzWEJmRGpGSHNlLwpRekhXVnVoaExra2NGd2FkNnlXNFk5b2RwUm9ReUVFUFRwOG9oZzlHU1FodEl0NlV4b2ErdnVDc2J3OWF4TlNwCm5JWTNnVmRWdDUvRDA4SXRWKzFZeEF4RTI0UFY4Z3JLbGhPNlNtVkd6WEVpUXFHbEJIRU5wRnVoWDZOVU81TXYKNStFQkdCYTVEUWVVS0FFb2FOb0hjUi9VQVRVWVdhQ1ROQ1FlcFN2S1RmNVg3Qyt5ZGVCVkVOb1pRNDNyYnhUagp1cFdCYlF5c1BBZXRKMXVXVFhBZkp0SkhZVngxM2E5OWxxV3B0WmpjM0NzPQotLS0tLUVORCBDRVJUSUZJQ0FURS0tLS0tCg==\n    client-key-data: LS0tLS1CRUdJTiBSU0EgUFJJVkFURSBLRVktLS0tLQpNSUlKS2dJQkFBS0NBZ0VBeEw0U0xSWk8wL0NEVUpTK242ZWExMVlGOHFmUVMrZ3J5OEU5SUJTdUJ2VjhKbjkxCjFZYkVuMExvbE9PYllXV3M2dkc1QmZkZUZ5ZHJXci9MTnpmcnp3aEhSencxU3Zxd1hYeFZBWGVTSEozclV1MXkKc096dHZXdjJENGVLajl4eld2R3JvYmUzZDdBeWZicG9ScE4weExFZjJhK2V0VWdrL0NLanY2dzIxZHk0L3BGWgpsczVCSEN0emE0SlZLaUZGbDNsMmtXaHYyTlNWckFHNDM5WHVnT1RRTXdQejRRRTMvY2hTRDg0Q09pSndzUHhZCjJvZDVKUU9aeHpmbkp5WVNBVXZDajJFT0FuTThQTE9KVm5DMDFHVjBWbjN0V0NzaElxOHNUQ2QrOVAySEE2ejgKamxWUUkvV0M1T1BFVEkyWkFESlJZSC8xc3ZCdENqVWlkampwdXJrYnF0QzVkRFZwZDdWRmxRVGoybFlmNVVyQwpCWWxvcHZ5VUVrM3U5bURuYW1FQzNrZktsV3cycklvR0xSR3RUWmRzTjNDam9zdExrZUZDVUorNlY0dUNHV2EzCml5d3hVNGhTRTB0VFArUjEyS1RTdDVQZWMraEdoQnB3dlY4SWRPeWd1cTh5NG0rTDVhQlFFczRhd0djOHd4bTAKbENESFVaeGJUVHlHb0dQWDI5WUd4OHlmZnovUFlGQ0N5amVQUk8xVFJ2K0dkdDU2Z0d2eHo2Si9aMitMMlRUOQo4QkZ0Qm0xNklOb1pmVXVZKzlYNXAxdlVRU3o5bGp6a1BUWDNyUmNEcWhyU3FvenlRMjhGRk1RTzI2U1FKV3U1ClJMNndQNlRGbWlqNWM2U3VwUndhbHgxeE5EUVc5QUJEVks3MnNHVFNpVDgrNE9vSjJENGg1QW9uWTAwQ0F3RUEKQVFLQ0FnRUFzQzlLVmFnUmhZaHYvL3lFVExNcVhjWkNZMUJXbjNOVnJRenFzVXp6bjNXODdUamRqQTg1Q3lvKwozLzZIeWd2a2N5MXV0T0lXRjRRTWhtTVZGK2p6T2g2K3ZoTXo0bVpuQkFEd212UzZHdmhzb1lIVVlJNThSRkpuCk12YjlaZUZVU0UvOWxEL1NnOU45RTh5WHp3UUQ0SlNCNGs1OFFQbFBiWitUcG5VUlVpbHNYVVJLeDFzRFFiZkQKajdaU2ovemx0a1Ztb2NhMXlxWnRObkVBWHlyVWdBYm9UNWN0a2dTbVlKVkFyN2liay9YOWx2RVVuUFlPemMvUQpxVy90aDhoMi9VUWNBb3cyb0lrVG00Um42OG5ZbGhBWXc4L1hlVXArVFBJMEtDcUNiZUNRUlFGbjFncWVUdVZ3Cmg0dFU0ZjAzMDg0N3c4QXpoai82VmRiSmVyZHl6bHM3WkUyaW1ZTGxYaGRSOXZKVlZENmhPN1hnLzUzU2dzdWgKczZ4SGpibm5CL2o0MTNBeXE0SEozS1M2RVpzSjJqdEx5YUJ2blVheDVkaElKMVhJRWNPQUJCSnJ4QnRwNGoxbQpUS2gyZ2ROWjVRRXZIZmR1YkdHTkdKR200WnJTdk9pSk8zLzIrTkg3MWhGRHpYakxwTnhsaWNVTzZjSTR4dWtECmdDTFVQSEZuejVOWnd1a1c1VTBGRFhYajlFNFZzcDFmU293SUxOblZieHhSU25Hb0VENmp1VXpoU0o4MXU2ZmoKQ1VsZHMzN2tTcnVaRlZ5UVdyNmg2ZjFCR0VOSWJCdWFvNml0bWJQd0Y3NUdxcG1DRDVnM0dBUzJ2YTVwaGNqZApiY3hoaDlyMUY0SGpCeFdCLytIMml5VHhiSlcrNUZKbHFFNzhNUG5tWmZqdUlvemladjBDZ2dFQkFOOTc3KzBKCkYvL3gzL01zamxDUWYrWnBYbkdZYk1BbzhsSmV3eVFNcEVoUXd1VVZPWTl0eGIvcGxXWjNLNmovSTdJQkJVcTMKaDRocWhPbmpBVldIQTgzZnkzekNidFdoRW5CUjMwcmJ5N2FHUWhCUFlqQkhnYVBvZ1NrK0tzRU0xYkVadXdDdQowK1k1R2FkZk1BczlCUFZ0NEtSK1BCTHphWW03bW1YaUVQaWxvR1V1WE9nZmxxTEJ6Sjl2UjlMVGpwbDNmWm9XCi9aOWpqU0llaVNMNWNENm5vQktxaWhWUlZ2UGF6bmozVWU3Nks1UVFZcmY5em5Ya29EZ1VJOEZJUXZBK0ZKZ20KRHNrcE1iWDc2ejNKdGkvUnFUMGJ1cGVnclJvaTQ3YkkyditkU1dPQWM5QkxES1U5VWp0Vk1QNTZVK2piSFZSMQpLdFNpUjJhdS9CWnpkZnNDZ2dFQkFPRmVGOUk1VnJPdWRCUWV2M2pYRXQyQmxweXE0alVxL2d1MzBYYnlNOTZ6CnB6Zk80WWpmakxYYUxUWll6bmNGUDlQWlBwaWpDQlNOM1l2bHlFcVZKRnprQlBaWnZUcVUybkpON3V3WWNLUjYKYVRCbW1iNC9TeE8yTURVZXlrQkV5bndVWVFPVG9VWUN5eVhIUFNGSDFadUdPeFlVTjNjUkdyOHFFcWt3ZktNNwp3U1MwbzdVOURRcHNkZnlsU0FlemRlNXhhVnR4Z0tCNmJnZjJTajJ1Y2ZYSVVlUFl2ZVgwM0M3Qk5xM2JOOVNCCmZuTDNmei9BM2ptVERNejRjeWRoR1JqYnM5UkRqWTlTQ29DS3hBbTZlNmJlY0oxdXRCSU1YWktIbzYxam5nVmYKS2tsengxL3ZpbmRLQ3o1N29ZRm5wNWloRGtOQlhvRGk2UEYvZzdJNzhWY0NnZ0VCQUxueFpLN1Q0aVFTRzBNNAp6ekE1Q2pHcmVla0o2WEg0bjZYcE1uUE1FT1FhVGc1TW1wZTd2Y3p2akY2MHlKN1RxZDl3K2ZZd3ZaUERETk9OCkRJOGN4dzJFSnNxbSs1RERjNVFBaXNpK0Y4REY5REdkMnhSUWFvejE1b0ZxT0NobmhXVFZBOEtOczhEWndYNkEKdEhpbFRIcm44UURzQncrOWR4SWlCVlMvdzE4ZWIxWEFQWXprdTNDdnpwRFpCZWxrSEVHVUtlMExNL3BwMmdPSgpaSkMwK2E4bnlRZSszU1RmaUhsY2xHNFJXUnA5QzhVbDNQMDVMNDducW1iK1dzRjJYanVGYTUwc0RTRlNKUXBGCmtIVFlYNzFwdEdZanJCeDhrNG9yZlV1WDBwN2JQelNLcTlHaW4rTGNJbzg3VW9ocFAyZCs1K2hkbEVWV3dCR3YKaGc4b0FnRUNnZ0VCQUxsdEU2aHlhUFhaMmNRY01Hb2FlM2twQUdUUzdOL1dDY1JXYjgrd0pDRmVLMzF0aUg5MwpmMnk0b0c2UXp2OTZvRE9NRVViQkRRcnNWcGFlYnhkK2NyYkRIWm9iNStmbFJYNjZ4SlFZMzhWVXVtdUtYNEQ2CnpxamZRL2JRNkpQTWhkVmxaeFRzU01zenpUVytJbnZaZ05VL3Npbk9aSHhnNUdMWkdSVi93VzBFNHp0eUxTZ1gKblQwd1ZEdVZPaGlyL2FJOFNmVmxBL0lHQ2JZZlhLSTNmNmc4TTdTR1JtaUgrUW0zQzJnc2NGazJXblg1VVFlQgpodFpVT1RvRVNhcmk1eVZlenkwY2o4S1dPL0hiT3NUT1hLTEZibDc2RU1xd3hlU2tHWFcxK3ZSc2dueUErRS9rCjVVYVU4MzlyZFV6bG5pMmtoZm1zTlRkU2Uxc0lFYkY2UkcwQ2dnRUFFRElIWFFrQU92K2JoYXJ1OEdsMDNEcDAKS0FZMWFvdS9CbWVDZXRXc2gwQTNQZ3RQUmE3L2I4bXB4eGhRelR2VU9SdEMzcjZrZVNoK0RtUEZHKzhSdWlnagpaYTBjUVlGVDJTTUNQVDJUMUt2c2JFWEhEalhvTXFFdUhzRjlQQVlxS3NjTllZMmNoUVhIOWRvZ1lIeTFuTXZDClRhVUlKdjN4K2wwMndmMmJtWndYRjR2RDl4OGQxRjRrVlRoWDhIOXp2T2xiZEZYN0JBQlozWkFvVnBoUEp5bVIKZWZrbG5wSWU1aDNkM1lBQlgvRUpvNmluT2tRUjFPYTJyZCtPVStEeHVWNm9XRGlQTHdsejJVaHdFaHRFSXVGaAo5L2xLWVBtYy90TzdZdzlaZzBWUncrZUJiV1cxd1M5cU5ld3AzeGVJZW5DM2c5czczeHNZZjlMSUQvVjNLZz09Ci0tLS0tRU5EIFJTQSBQUklWQVRFIEtFWS0tLS0tCg==\n    token: IyE9kaOnhP7BjEmi6Lj3kQ0OWwXrOz9ey5PLNrJkXyFAY2iQY1dznF5S7oBLvBaQo2wlbcvDi3Ne20twrYF73gFhYJPwVOQy72Bcc5t9K50jSDoDXs5i8VFYRShxtshL\n",
            "kubernetes_version": "1.13.10",
            "linux_profile": [],
            "location": "uksouth",
            "name": "gpitfutre-aks-dev",
            "network_profile": [
              {
                "dns_service_ip": "10.0.0.10",
                "docker_bridge_cidr": "172.17.0.1/16",
                "load_balancer_sku": "basic",
                "network_plugin": "kubenet",
                "network_policy": "",
                "pod_cidr": "10.244.0.0/16",
                "service_cidr": "10.0.0.0/16"
              }
            ],
            "node_resource_group": "gpitfutre-akspool-dev",
            "resource_group_name": "gpitfutre-aks-dev",
            "role_based_access_control": [
              {
                "azure_active_directory": [],
                "enabled": false
              }
            ],
            "service_principal": [
              {
                "client_id": "cd7c98b2-31ca-4e02-9100-981697324ac5",
                "client_secret": ""
              }
            ],
            "tags": {
              "Environment": "dev"
            },
            "windows_profile": []
          },
          "private": "bnVsbA==",
          "depends_on": [
            "azurerm_resource_group.aks",
            "azurerm_subnet.aks"
          ]
        }
      ]
    },
    {
      "mode": "managed",
      "type": "azurerm_network_interface",
      "name": "vm",
      "provider": "provider.azurerm",
      "instances": [
        {
          "schema_version": 0,
          "attributes": {
            "applied_dns_servers": [],
            "dns_servers": [],
            "enable_accelerated_networking": false,
            "enable_ip_forwarding": false,
            "id": "/subscriptions/7b12a8a2-f06f-456f-b6f9-aa2d92e0b2ec/resourceGroups/gpitfutre-vnet-dev/providers/Microsoft.Network/networkInterfaces/gpitfutre-nic-dev",
            "internal_dns_name_label": "",
            "internal_fqdn": "",
            "ip_configuration": [
              {
                "application_gateway_backend_address_pools_ids": [],
                "application_security_group_ids": [],
                "load_balancer_backend_address_pools_ids": [],
                "load_balancer_inbound_nat_rules_ids": [],
                "name": "gpitfutre-staticip-dev",
                "primary": true,
                "private_ip_address": "",
                "private_ip_address_allocation": "dynamic",
                "private_ip_address_version": "IPv4",
                "public_ip_address_id": "",
                "subnet_id": "/subscriptions/7b12a8a2-f06f-456f-b6f9-aa2d92e0b2ec/resourceGroups/gpitfutre-vnet-dev/providers/Microsoft.Network/virtualNetworks/gpitfutre-vnet-dev/subnets/gpitfutre-bastion-dev"
              }
            ],
            "location": "uksouth",
            "mac_address": "00-0D-3A-7E-E8-83",
            "name": "gpitfutre-nic-dev",
            "network_security_group_id": "",
            "private_ip_address": "10.100.0.4",
            "private_ip_addresses": [
              "10.100.0.4"
            ],
            "resource_group_name": "gpitfutre-vnet-dev",
            "tags": {},
            "virtual_machine_id": "/subscriptions/7b12a8a2-f06f-456f-b6f9-aa2d92e0b2ec/resourceGroups/gpitfutre-vm-dev/providers/Microsoft.Compute/virtualMachines/gpitfutre-bastion-dev"
          },
          "private": "bnVsbA==",
          "depends_on": [
            "azurerm_subnet.bastion",
            "azurerm_virtual_network.vnet"
          ]
        }
      ]
    },
    {
      "mode": "managed",
      "type": "azurerm_network_security_group",
      "name": "aks",
      "provider": "provider.azurerm",
      "instances": [
        {
          "schema_version": 0,
          "attributes": {
            "id": "/subscriptions/7b12a8a2-f06f-456f-b6f9-aa2d92e0b2ec/resourceGroups/gpitfutre-vnet-dev/providers/Microsoft.Network/networkSecurityGroups/gpitfutre-aks-dev",
            "location": "uksouth",
            "name": "gpitfutre-aks-dev",
            "resource_group_name": "gpitfutre-vnet-dev",
            "security_rule": [],
            "tags": {
              "environment": "dev"
            }
          },
          "private": "bnVsbA==",
          "depends_on": [
            "azurerm_virtual_network.vnet"
          ]
        }
      ]
    },
    {
      "mode": "managed",
      "type": "azurerm_network_security_group",
      "name": "bastion",
      "provider": "provider.azurerm",
      "instances": [
        {
          "schema_version": 0,
          "attributes": {
            "id": "/subscriptions/7b12a8a2-f06f-456f-b6f9-aa2d92e0b2ec/resourceGroups/gpitfutre-vnet-dev/providers/Microsoft.Network/networkSecurityGroups/gpitfutre-bastion-dev",
            "location": "uksouth",
            "name": "gpitfutre-bastion-dev",
            "resource_group_name": "gpitfutre-vnet-dev",
            "security_rule": [],
            "tags": {
              "environment": "dev"
            }
          },
          "private": "bnVsbA==",
          "depends_on": [
            "azurerm_virtual_network.vnet"
          ]
        }
      ]
    },
    {
      "mode": "managed",
      "type": "azurerm_network_security_group",
      "name": "gateway",
      "provider": "provider.azurerm",
      "instances": [
        {
          "schema_version": 0,
          "attributes": {
            "id": "/subscriptions/7b12a8a2-f06f-456f-b6f9-aa2d92e0b2ec/resourceGroups/gpitfutre-vnet-dev/providers/Microsoft.Network/networkSecurityGroups/gpitfutre-gateway-dev",
            "location": "uksouth",
            "name": "gpitfutre-gateway-dev",
            "resource_group_name": "gpitfutre-vnet-dev",
            "security_rule": [],
            "tags": {
              "environment": "dev"
            }
          },
          "private": "bnVsbA==",
          "depends_on": [
            "azurerm_virtual_network.vnet"
          ]
        }
      ]
    },
    {
      "mode": "managed",
      "type": "azurerm_network_security_group",
      "name": "splunk",
      "provider": "provider.azurerm",
      "instances": [
        {
          "schema_version": 0,
          "attributes": {
            "id": "/subscriptions/7b12a8a2-f06f-456f-b6f9-aa2d92e0b2ec/resourceGroups/gpitfutre-vnet-dev/providers/Microsoft.Network/networkSecurityGroups/gpitfutre-splunk-dev",
            "location": "uksouth",
            "name": "gpitfutre-splunk-dev",
            "resource_group_name": "gpitfutre-vnet-dev",
            "security_rule": [],
            "tags": {
              "environment": "dev"
            }
          },
          "private": "bnVsbA==",
          "depends_on": [
            "azurerm_virtual_network.vnet"
          ]
        }
      ]
    },
    {
      "mode": "managed",
      "type": "azurerm_public_ip",
      "name": "Pip",
      "provider": "provider.azurerm",
      "instances": [
        {
          "schema_version": 0,
          "attributes": {
            "allocation_method": "Dynamic",
            "domain_name_label": "",
            "fqdn": "66210ada-78d8-4227-a385-08891b5393b8.cloudapp.net",
            "id": "/subscriptions/7b12a8a2-f06f-456f-b6f9-aa2d92e0b2ec/resourceGroups/gpitfutre-vnet-dev/providers/Microsoft.Network/publicIPAddresses/gpitfutre-pip-dev",
            "idle_timeout_in_minutes": 4,
            "ip_address": "51.143.156.148",
            "ip_version": "IPv4",
            "location": "uksouth",
            "name": "gpitfutre-pip-dev",
            "public_ip_address_allocation": "Dynamic",
            "public_ip_prefix_id": null,
            "resource_group_name": "gpitfutre-vnet-dev",
            "reverse_fqdn": "",
            "sku": "Basic",
            "tags": {
              "environment": "dev"
            },
            "zones": []
          },
          "private": "bnVsbA==",
          "depends_on": [
            "azurerm_virtual_network.vnet"
          ]
        }
      ]
    },
    {
      "mode": "managed",
      "type": "azurerm_resource_group",
      "name": "aks",
      "provider": "provider.azurerm",
      "instances": [
        {
          "schema_version": 0,
          "attributes": {
            "id": "/subscriptions/7b12a8a2-f06f-456f-b6f9-aa2d92e0b2ec/resourceGroups/gpitfutre-aks-dev",
            "location": "uksouth",
            "name": "gpitfutre-aks-dev",
            "tags": {
              "environment": "dev"
            }
          },
          "private": "bnVsbA=="
        }
      ]
    },
    {
      "mode": "managed",
      "type": "azurerm_resource_group",
      "name": "keyvault",
      "provider": "provider.azurerm",
      "instances": [
        {
          "schema_version": 0,
          "attributes": {
            "id": "/subscriptions/7b12a8a2-f06f-456f-b6f9-aa2d92e0b2ec/resourceGroups/gpitfutre-kv-dev",
            "location": "uksouth",
            "name": "gpitfutre-kv-dev",
            "tags": {
              "environment": "dev"
            }
          },
          "private": "bnVsbA=="
        }
      ]
    },
    {
      "mode": "managed",
      "type": "azurerm_resource_group",
      "name": "log_analytics",
      "provider": "provider.azurerm",
      "instances": [
        {
          "schema_version": 0,
          "attributes": {
            "id": "/subscriptions/7b12a8a2-f06f-456f-b6f9-aa2d92e0b2ec/resourceGroups/gpitfutre-loganalytics-dev",
            "location": "uksouth",
            "name": "gpitfutre-loganalytics-dev",
            "tags": {
              "environment": "dev"
            }
          },
          "private": "bnVsbA=="
        }
      ]
    },
    {
      "mode": "managed",
      "type": "azurerm_resource_group",
      "name": "sql",
      "provider": "provider.azurerm",
      "instances": [
        {
          "schema_version": 0,
          "attributes": {
            "id": "/subscriptions/7b12a8a2-f06f-456f-b6f9-aa2d92e0b2ec/resourceGroups/gpitfutre-sql-dev",
            "location": "uksouth",
            "name": "gpitfutre-sql-dev",
            "tags": {
              "environment": "dev"
            }
          },
          "private": "bnVsbA=="
        }
      ]
    },
    {
      "mode": "managed",
      "type": "azurerm_resource_group",
      "name": "storage",
      "provider": "provider.azurerm",
      "instances": [
        {
          "schema_version": 0,
          "attributes": {
            "id": "/subscriptions/7b12a8a2-f06f-456f-b6f9-aa2d92e0b2ec/resourceGroups/gpitfutre-sa-dev",
            "location": "uksouth",
            "name": "gpitfutre-sa-dev",
            "tags": {
              "environment": "dev"
            }
          },
          "private": "bnVsbA=="
        }
      ]
    },
    {
      "mode": "managed",
      "type": "azurerm_resource_group",
      "name": "virtual_machine",
      "provider": "provider.azurerm",
      "instances": [
        {
          "schema_version": 0,
          "attributes": {
            "id": "/subscriptions/7b12a8a2-f06f-456f-b6f9-aa2d92e0b2ec/resourceGroups/gpitfutre-vm-dev",
            "location": "uksouth",
            "name": "gpitfutre-vm-dev",
            "tags": {
              "environment": "dev"
            }
          },
          "private": "bnVsbA=="
        }
      ]
    },
    {
      "mode": "managed",
      "type": "azurerm_resource_group",
      "name": "virtual_network",
      "provider": "provider.azurerm",
      "instances": [
        {
          "schema_version": 0,
          "attributes": {
            "id": "/subscriptions/7b12a8a2-f06f-456f-b6f9-aa2d92e0b2ec/resourceGroups/gpitfutre-vnet-dev",
            "location": "uksouth",
            "name": "gpitfutre-vnet-dev",
            "tags": {
              "environment": "dev"
            }
          },
          "private": "bnVsbA=="
        }
      ]
    },
    {
      "mode": "managed",
      "type": "azurerm_sql_database",
      "name": "sql",
      "provider": "provider.azurerm",
      "instances": [
        {
          "status": "tainted",
          "schema_version": 0,
          "attributes": {
            "collation": "SQL_Latin1_General_CP1_CI_AS",
            "create_mode": "Default",
            "creation_date": null,
            "default_secondary_location": null,
            "edition": null,
            "elastic_pool_name": null,
            "encryption": null,
            "id": "/subscriptions/7b12a8a2-f06f-456f-b6f9-aa2d92e0b2ec/resourceGroups/gpitfutre-sql-dev/providers/Microsoft.Sql/servers/gpitfutre-sql-dev/databases/gpitfutre-db-dev",
            "import": [],
            "location": "uksouth",
            "max_size_bytes": null,
            "name": "gpitfutre-db-dev",
            "read_scale": false,
            "requested_service_objective_id": null,
            "requested_service_objective_name": null,
            "resource_group_name": "gpitfutre-sql-dev",
            "restore_point_in_time": null,
            "server_name": "gpitfutre-sql-dev",
            "source_database_deletion_date": null,
            "source_database_id": null,
            "tags": null,
            "threat_detection_policy": [
              {
                "disabled_alerts": null,
                "email_account_admins": "Disabled",
                "email_addresses": null,
                "retention_days": 90,
                "state": "Enabled",
                "storage_account_access_key": "gq7aSMEQBcZx3c87FNQ4rTIKH92N0MTMelJO3yNytmaQPlI25ay3/13WU8X9LMvh1PeONq92BCiHmqyT1RBu9Q==",
                "storage_endpoint": "https://gpitfutresadev.blob.core.windows.net/sqlauditlogs",
                "use_server_default": "Disabled"
              }
            ]
          },
          "private": "bnVsbA==",
          "depends_on": [
            "azurerm_resource_group.sql",
            "azurerm_sql_server.sql"
          ]
        }
      ]
    },
    {
      "mode": "managed",
      "type": "azurerm_sql_firewall_rule",
      "name": "sql",
      "provider": "provider.azurerm",
      "instances": [
        {
          "schema_version": 0,
          "attributes": {
            "end_ip_address": "0.0.0.0",
            "id": "/subscriptions/7b12a8a2-f06f-456f-b6f9-aa2d92e0b2ec/resourceGroups/gpitfutre-sql-dev/providers/Microsoft.Sql/servers/gpitfutre-sql-dev/firewallRules/azure_services",
            "name": "azure_services",
            "resource_group_name": "gpitfutre-sql-dev",
            "server_name": "gpitfutre-sql-dev",
            "start_ip_address": "0.0.0.0"
          },
          "private": "bnVsbA==",
          "depends_on": [
            "azurerm_resource_group.sql",
            "azurerm_sql_server.sql"
          ]
        }
      ]
    },
    {
      "mode": "managed",
      "type": "azurerm_sql_server",
      "name": "sql",
      "provider": "provider.azurerm",
      "instances": [
        {
          "schema_version": 0,
          "attributes": {
            "administrator_login": "gpitfutureadmin",
            "administrator_login_password": "MAhdzDHYb*Hy\u0026hQqAmwg3ujmU",
            "fully_qualified_domain_name": "gpitfutre-sql-dev.database.windows.net",
            "id": "/subscriptions/7b12a8a2-f06f-456f-b6f9-aa2d92e0b2ec/resourceGroups/gpitfutre-sql-dev/providers/Microsoft.Sql/servers/gpitfutre-sql-dev",
            "location": "uksouth",
            "name": "gpitfutre-sql-dev",
            "resource_group_name": "gpitfutre-sql-dev",
            "tags": {},
            "version": "12.0"
          },
          "private": "bnVsbA==",
          "depends_on": [
            "azurerm_resource_group.sql"
          ]
        }
      ]
    },
    {
      "mode": "managed",
      "type": "azurerm_storage_account",
      "name": "sql",
      "provider": "provider.azurerm",
      "instances": [
        {
          "schema_version": 2,
          "attributes": {
            "access_tier": "Hot",
            "account_encryption_source": "Microsoft.Storage",
            "account_kind": "StorageV2",
            "account_replication_type": "GRS",
            "account_tier": "Standard",
            "account_type": "Standard_GRS",
            "custom_domain": [],
            "enable_advanced_threat_protection": false,
            "enable_blob_encryption": true,
            "enable_file_encryption": true,
            "enable_https_traffic_only": true,
            "id": "/subscriptions/7b12a8a2-f06f-456f-b6f9-aa2d92e0b2ec/resourceGroups/gpitfutre-sa-dev/providers/Microsoft.Storage/storageAccounts/gpitfutresasqldev",
            "identity": [],
            "is_hns_enabled": false,
            "location": "uksouth",
            "name": "gpitfutresasqldev",
            "network_rules": [],
            "primary_access_key": "gq7aSMEQBcZx3c87FNQ4rTIKH92N0MTMelJO3yNytmaQPlI25ay3/13WU8X9LMvh1PeONq92BCiHmqyT1RBu9Q==",
            "primary_blob_connection_string": "DefaultEndpointsProtocol=https;BlobEndpoint=https://gpitfutresasqldev.blob.core.windows.net/;AccountName=gpitfutresasqldev;AccountKey=gq7aSMEQBcZx3c87FNQ4rTIKH92N0MTMelJO3yNytmaQPlI25ay3/13WU8X9LMvh1PeONq92BCiHmqyT1RBu9Q==",
            "primary_blob_endpoint": "https://gpitfutresasqldev.blob.core.windows.net/",
            "primary_blob_host": "gpitfutresasqldev.blob.core.windows.net",
            "primary_connection_string": "DefaultEndpointsProtocol=https;AccountName=gpitfutresasqldev;AccountKey=gq7aSMEQBcZx3c87FNQ4rTIKH92N0MTMelJO3yNytmaQPlI25ay3/13WU8X9LMvh1PeONq92BCiHmqyT1RBu9Q==;EndpointSuffix=core.windows.net",
            "primary_dfs_endpoint": "https://gpitfutresasqldev.dfs.core.windows.net/",
            "primary_dfs_host": "gpitfutresasqldev.dfs.core.windows.net",
            "primary_file_endpoint": "https://gpitfutresasqldev.file.core.windows.net/",
            "primary_file_host": "gpitfutresasqldev.file.core.windows.net",
            "primary_location": "uksouth",
            "primary_queue_endpoint": "https://gpitfutresasqldev.queue.core.windows.net/",
            "primary_queue_host": "gpitfutresasqldev.queue.core.windows.net",
            "primary_table_endpoint": "https://gpitfutresasqldev.table.core.windows.net/",
            "primary_table_host": "gpitfutresasqldev.table.core.windows.net",
            "primary_web_endpoint": "https://gpitfutresasqldev.z33.web.core.windows.net/",
            "primary_web_host": "gpitfutresasqldev.z33.web.core.windows.net",
            "queue_properties": [
              {
                "cors_rule": [],
                "hour_metrics": [
                  {
                    "enabled": true,
                    "include_apis": true,
                    "retention_policy_days": 7,
                    "version": "1.0"
                  }
                ],
                "logging": [
                  {
                    "delete": false,
                    "read": false,
                    "retention_policy_days": 0,
                    "version": "1.0",
                    "write": false
                  }
                ],
                "minute_metrics": [
                  {
                    "enabled": false,
                    "include_apis": false,
                    "retention_policy_days": 0,
                    "version": "1.0"
                  }
                ]
              }
            ],
            "resource_group_name": "gpitfutre-sa-dev",
            "secondary_access_key": "3tG9UfwDxuFdQWmr48F8yqy2a60ZAa94TZOIs0qhcxQV1GstBr+DG5XEA0FYfjydAiGzpGiCwn+l/eTmOO1RHQ==",
            "secondary_blob_connection_string": "",
            "secondary_blob_endpoint": null,
            "secondary_blob_host": null,
            "secondary_connection_string": "DefaultEndpointsProtocol=https;AccountName=gpitfutresasqldev;AccountKey=3tG9UfwDxuFdQWmr48F8yqy2a60ZAa94TZOIs0qhcxQV1GstBr+DG5XEA0FYfjydAiGzpGiCwn+l/eTmOO1RHQ==;EndpointSuffix=core.windows.net",
            "secondary_dfs_endpoint": null,
            "secondary_dfs_host": null,
            "secondary_file_endpoint": null,
            "secondary_file_host": null,
            "secondary_location": "ukwest",
            "secondary_queue_endpoint": null,
            "secondary_queue_host": null,
            "secondary_table_endpoint": null,
            "secondary_table_host": null,
            "secondary_web_endpoint": null,
            "secondary_web_host": null,
            "tags": {}
          },
          "private": "eyJzY2hlbWFfdmVyc2lvbiI6IjIifQ==",
          "depends_on": [
            "azurerm_resource_group.storage"
          ]
        }
      ]
    },
    {
      "mode": "managed",
      "type": "azurerm_storage_account",
      "name": "storage",
      "provider": "provider.azurerm",
      "instances": [
        {
          "schema_version": 2,
          "attributes": {
            "access_tier": "Hot",
            "account_encryption_source": "Microsoft.Storage",
            "account_kind": "StorageV2",
            "account_replication_type": "GRS",
            "account_tier": "Standard",
            "account_type": "Standard_GRS",
            "custom_domain": [],
            "enable_advanced_threat_protection": false,
            "enable_blob_encryption": true,
            "enable_file_encryption": true,
            "enable_https_traffic_only": true,
            "id": "/subscriptions/7b12a8a2-f06f-456f-b6f9-aa2d92e0b2ec/resourceGroups/gpitfutre-sa-dev/providers/Microsoft.Storage/storageAccounts/gpitfutresadev",
            "identity": [],
            "is_hns_enabled": false,
            "location": "uksouth",
            "name": "gpitfutresadev",
            "network_rules": [],
            "primary_access_key": "VmxOLkDqhZon9dqiKpfX83a2WPEwT3KnNgJ/teAjjRz+zPUwfRSljgL1qJr3O+YsKsT56cP13W1UOmxKXN2Zcg==",
            "primary_blob_connection_string": "DefaultEndpointsProtocol=https;BlobEndpoint=https://gpitfutresadev.blob.core.windows.net/;AccountName=gpitfutresadev;AccountKey=VmxOLkDqhZon9dqiKpfX83a2WPEwT3KnNgJ/teAjjRz+zPUwfRSljgL1qJr3O+YsKsT56cP13W1UOmxKXN2Zcg==",
            "primary_blob_endpoint": "https://gpitfutresadev.blob.core.windows.net/",
            "primary_blob_host": "gpitfutresadev.blob.core.windows.net",
            "primary_connection_string": "DefaultEndpointsProtocol=https;AccountName=gpitfutresadev;AccountKey=VmxOLkDqhZon9dqiKpfX83a2WPEwT3KnNgJ/teAjjRz+zPUwfRSljgL1qJr3O+YsKsT56cP13W1UOmxKXN2Zcg==;EndpointSuffix=core.windows.net",
            "primary_dfs_endpoint": "https://gpitfutresadev.dfs.core.windows.net/",
            "primary_dfs_host": "gpitfutresadev.dfs.core.windows.net",
            "primary_file_endpoint": "https://gpitfutresadev.file.core.windows.net/",
            "primary_file_host": "gpitfutresadev.file.core.windows.net",
            "primary_location": "uksouth",
            "primary_queue_endpoint": "https://gpitfutresadev.queue.core.windows.net/",
            "primary_queue_host": "gpitfutresadev.queue.core.windows.net",
            "primary_table_endpoint": "https://gpitfutresadev.table.core.windows.net/",
            "primary_table_host": "gpitfutresadev.table.core.windows.net",
            "primary_web_endpoint": "https://gpitfutresadev.z33.web.core.windows.net/",
            "primary_web_host": "gpitfutresadev.z33.web.core.windows.net",
            "queue_properties": [
              {
                "cors_rule": [],
                "hour_metrics": [
                  {
                    "enabled": true,
                    "include_apis": true,
                    "retention_policy_days": 7,
                    "version": "1.0"
                  }
                ],
                "logging": [
                  {
                    "delete": false,
                    "read": false,
                    "retention_policy_days": 0,
                    "version": "1.0",
                    "write": false
                  }
                ],
                "minute_metrics": [
                  {
                    "enabled": false,
                    "include_apis": false,
                    "retention_policy_days": 0,
                    "version": "1.0"
                  }
                ]
              }
            ],
            "resource_group_name": "gpitfutre-sa-dev",
            "secondary_access_key": "znGzXccQn9sL05P1cS+E6069dC2VzPab0WBVT9vG++gd61tl4qAGaUQERbxucCUUytqGHXkMuaUZwIOPz6hB5w==",
            "secondary_blob_connection_string": "",
            "secondary_blob_endpoint": null,
            "secondary_blob_host": null,
            "secondary_connection_string": "DefaultEndpointsProtocol=https;AccountName=gpitfutresadev;AccountKey=znGzXccQn9sL05P1cS+E6069dC2VzPab0WBVT9vG++gd61tl4qAGaUQERbxucCUUytqGHXkMuaUZwIOPz6hB5w==;EndpointSuffix=core.windows.net",
            "secondary_dfs_endpoint": null,
            "secondary_dfs_host": null,
            "secondary_file_endpoint": null,
            "secondary_file_host": null,
            "secondary_location": "ukwest",
            "secondary_queue_endpoint": null,
            "secondary_queue_host": null,
            "secondary_table_endpoint": null,
            "secondary_table_host": null,
            "secondary_web_endpoint": null,
            "secondary_web_host": null,
            "tags": {}
          },
          "private": "eyJzY2hlbWFfdmVyc2lvbiI6IjIifQ==",
          "depends_on": [
            "azurerm_resource_group.storage"
          ]
        }
      ]
    },
    {
      "mode": "managed",
      "type": "azurerm_storage_container",
      "name": "sql",
      "provider": "provider.azurerm",
      "instances": [
        {
          "schema_version": 1,
          "attributes": {
            "container_access_type": "private",
            "has_immutability_policy": false,
            "has_legal_hold": false,
            "id": "https://gpitfutresasqldev.blob.core.windows.net/sqlauditlogs",
            "metadata": {},
            "name": "sqlauditlogs",
            "properties": {
              "last_modified": "Tue, 03 Sep 2019 15:01:58 GMT",
              "lease_duration": "",
              "lease_state": "available",
              "lease_status": "unlocked"
            },
            "resource_group_name": "gpitfutre-sa-dev",
            "storage_account_name": "gpitfutresasqldev"
          },
          "private": "eyJzY2hlbWFfdmVyc2lvbiI6IjEifQ==",
          "depends_on": [
            "azurerm_resource_group.sql",
            "azurerm_storage_account.sql"
          ]
        }
      ]
    },
    {
      "mode": "managed",
      "type": "azurerm_storage_container",
      "name": "storage",
      "provider": "provider.azurerm",
      "instances": [
        {
          "schema_version": 1,
          "attributes": {
            "container_access_type": "private",
            "has_immutability_policy": false,
            "has_legal_hold": false,
            "id": "https://gpitfutresadev.blob.core.windows.net/terraform",
            "metadata": {},
            "name": "terraform",
            "properties": {
              "last_modified": "Tue, 03 Sep 2019 15:01:39 GMT",
              "lease_duration": "",
              "lease_state": "available",
              "lease_status": "unlocked"
            },
            "resource_group_name": "gpitfutre-sa-dev",
            "storage_account_name": "gpitfutresadev"
          },
          "private": "eyJzY2hlbWFfdmVyc2lvbiI6IjEifQ==",
          "depends_on": [
            "azurerm_resource_group.storage",
            "azurerm_storage_account.storage"
          ]
        }
      ]
    },
    {
      "mode": "managed",
      "type": "azurerm_subnet",
      "name": "aks",
      "provider": "provider.azurerm",
      "instances": [
        {
          "schema_version": 0,
          "attributes": {
            "address_prefix": "10.100.2.0/24",
            "delegation": [],
            "id": "/subscriptions/7b12a8a2-f06f-456f-b6f9-aa2d92e0b2ec/resourceGroups/gpitfutre-vnet-dev/providers/Microsoft.Network/virtualNetworks/gpitfutre-vnet-dev/subnets/gpitfutre-aks-dev",
            "ip_configurations": [
              "/subscriptions/7b12a8a2-f06f-456f-b6f9-aa2d92e0b2ec/resourceGroups/gpitfutre-akspool-dev/providers/Microsoft.Network/networkInterfaces/aks-gpitdevpool1-24473744-nic-0/ipConfigurations/ipconfig1"
            ],
            "name": "gpitfutre-aks-dev",
            "network_security_group_id": "",
            "resource_group_name": "gpitfutre-vnet-dev",
            "route_table_id": "",
            "service_endpoints": [],
            "virtual_network_name": "gpitfutre-vnet-dev"
          },
          "private": "bnVsbA==",
          "depends_on": [
            "azurerm_virtual_network.vnet"
          ]
        }
      ]
    },
    {
      "mode": "managed",
      "type": "azurerm_subnet",
      "name": "bastion",
      "provider": "provider.azurerm",
      "instances": [
        {
          "schema_version": 0,
          "attributes": {
            "address_prefix": "10.100.0.0/24",
            "delegation": [],
            "id": "/subscriptions/7b12a8a2-f06f-456f-b6f9-aa2d92e0b2ec/resourceGroups/gpitfutre-vnet-dev/providers/Microsoft.Network/virtualNetworks/gpitfutre-vnet-dev/subnets/gpitfutre-bastion-dev",
            "ip_configurations": [
              "/subscriptions/7b12a8a2-f06f-456f-b6f9-aa2d92e0b2ec/resourceGroups/gpitfutre-vnet-dev/providers/Microsoft.Network/networkInterfaces/gpitfutre-nic-dev/ipConfigurations/gpitfutre-staticip-dev"
            ],
            "name": "gpitfutre-bastion-dev",
            "network_security_group_id": "",
            "resource_group_name": "gpitfutre-vnet-dev",
            "route_table_id": "",
            "service_endpoints": [],
            "virtual_network_name": "gpitfutre-vnet-dev"
          },
          "private": "bnVsbA==",
          "depends_on": [
            "azurerm_virtual_network.vnet"
          ]
        }
      ]
    },
    {
      "mode": "managed",
      "type": "azurerm_subnet",
      "name": "gateway",
      "provider": "provider.azurerm",
      "instances": [
        {
          "schema_version": 0,
          "attributes": {
            "address_prefix": "10.100.1.0/24",
            "delegation": [],
            "id": "/subscriptions/7b12a8a2-f06f-456f-b6f9-aa2d92e0b2ec/resourceGroups/gpitfutre-vnet-dev/providers/Microsoft.Network/virtualNetworks/gpitfutre-vnet-dev/subnets/gpitfutre-gateway-dev",
            "ip_configurations": [],
            "name": "gpitfutre-gateway-dev",
            "network_security_group_id": "",
            "resource_group_name": "gpitfutre-vnet-dev",
            "route_table_id": "",
            "service_endpoints": [],
            "virtual_network_name": "gpitfutre-vnet-dev"
          },
          "private": "bnVsbA==",
          "depends_on": [
            "azurerm_virtual_network.vnet"
          ]
        }
      ]
    },
    {
      "mode": "managed",
      "type": "azurerm_subnet",
      "name": "splunk",
      "provider": "provider.azurerm",
      "instances": [
        {
          "schema_version": 0,
          "attributes": {
            "address_prefix": "10.100.3.0/24",
            "delegation": [],
            "id": "/subscriptions/7b12a8a2-f06f-456f-b6f9-aa2d92e0b2ec/resourceGroups/gpitfutre-vnet-dev/providers/Microsoft.Network/virtualNetworks/gpitfutre-vnet-dev/subnets/gpitfutre-splunk-dev",
            "ip_configurations": [],
            "name": "gpitfutre-splunk-dev",
            "network_security_group_id": "",
            "resource_group_name": "gpitfutre-vnet-dev",
            "route_table_id": "",
            "service_endpoints": [],
            "virtual_network_name": "gpitfutre-vnet-dev"
          },
          "private": "bnVsbA==",
          "depends_on": [
            "azurerm_virtual_network.vnet"
          ]
        }
      ]
    },
    {
      "mode": "managed",
      "type": "azurerm_subnet_network_security_group_association",
      "name": "aks",
      "provider": "provider.azurerm",
      "instances": [
        {
          "schema_version": 0,
          "attributes": {
            "id": "/subscriptions/7b12a8a2-f06f-456f-b6f9-aa2d92e0b2ec/resourceGroups/gpitfutre-vnet-dev/providers/Microsoft.Network/virtualNetworks/gpitfutre-vnet-dev/subnets/gpitfutre-aks-dev",
            "network_security_group_id": "/subscriptions/7b12a8a2-f06f-456f-b6f9-aa2d92e0b2ec/resourceGroups/gpitfutre-vnet-dev/providers/Microsoft.Network/networkSecurityGroups/gpitfutre-aks-dev",
            "subnet_id": "/subscriptions/7b12a8a2-f06f-456f-b6f9-aa2d92e0b2ec/resourceGroups/gpitfutre-vnet-dev/providers/Microsoft.Network/virtualNetworks/gpitfutre-vnet-dev/subnets/gpitfutre-aks-dev"
          },
          "private": "bnVsbA==",
          "depends_on": [
            "azurerm_network_security_group.aks",
            "azurerm_subnet.aks"
          ]
        }
      ]
    },
    {
      "mode": "managed",
      "type": "azurerm_subnet_network_security_group_association",
      "name": "bastion",
      "provider": "provider.azurerm",
      "instances": [
        {
          "schema_version": 0,
          "attributes": {
            "id": "/subscriptions/7b12a8a2-f06f-456f-b6f9-aa2d92e0b2ec/resourceGroups/gpitfutre-vnet-dev/providers/Microsoft.Network/virtualNetworks/gpitfutre-vnet-dev/subnets/gpitfutre-bastion-dev",
            "network_security_group_id": "/subscriptions/7b12a8a2-f06f-456f-b6f9-aa2d92e0b2ec/resourceGroups/gpitfutre-vnet-dev/providers/Microsoft.Network/networkSecurityGroups/gpitfutre-bastion-dev",
            "subnet_id": "/subscriptions/7b12a8a2-f06f-456f-b6f9-aa2d92e0b2ec/resourceGroups/gpitfutre-vnet-dev/providers/Microsoft.Network/virtualNetworks/gpitfutre-vnet-dev/subnets/gpitfutre-bastion-dev"
          },
          "private": "bnVsbA==",
          "depends_on": [
            "azurerm_network_security_group.bastion",
            "azurerm_subnet.bastion"
          ]
        }
      ]
    },
    {
      "mode": "managed",
      "type": "azurerm_subnet_network_security_group_association",
      "name": "gateway",
      "provider": "provider.azurerm",
      "instances": [
        {
          "schema_version": 0,
          "attributes": {
            "id": "/subscriptions/7b12a8a2-f06f-456f-b6f9-aa2d92e0b2ec/resourceGroups/gpitfutre-vnet-dev/providers/Microsoft.Network/virtualNetworks/gpitfutre-vnet-dev/subnets/gpitfutre-gateway-dev",
            "network_security_group_id": "/subscriptions/7b12a8a2-f06f-456f-b6f9-aa2d92e0b2ec/resourceGroups/gpitfutre-vnet-dev/providers/Microsoft.Network/networkSecurityGroups/gpitfutre-gateway-dev",
            "subnet_id": "/subscriptions/7b12a8a2-f06f-456f-b6f9-aa2d92e0b2ec/resourceGroups/gpitfutre-vnet-dev/providers/Microsoft.Network/virtualNetworks/gpitfutre-vnet-dev/subnets/gpitfutre-gateway-dev"
          },
          "private": "bnVsbA==",
          "depends_on": [
            "azurerm_network_security_group.gateway",
            "azurerm_subnet.gateway"
          ]
        }
      ]
    },
    {
      "mode": "managed",
      "type": "azurerm_virtual_machine",
      "name": "vm",
      "provider": "provider.azurerm",
      "instances": [
        {
          "schema_version": 0,
          "attributes": {
            "availability_set_id": null,
            "boot_diagnostics": [],
            "delete_data_disks_on_termination": false,
            "delete_os_disk_on_termination": false,
            "id": "/subscriptions/7b12a8a2-f06f-456f-b6f9-aa2d92e0b2ec/resourceGroups/gpitfutre-vm-dev/providers/Microsoft.Compute/virtualMachines/gpitfutre-bastion-dev",
            "identity": [],
            "license_type": null,
            "location": "uksouth",
            "name": "gpitfutre-bastion-dev",
            "network_interface_ids": [
              "/subscriptions/7b12a8a2-f06f-456f-b6f9-aa2d92e0b2ec/resourceGroups/gpitfutre-vnet-dev/providers/Microsoft.Network/networkInterfaces/gpitfutre-nic-dev"
            ],
            "os_profile": [
              {
                "admin_password": "",
                "admin_username": "gpitadmin",
                "computer_name": "gpitfuturebastion",
                "custom_data": ""
              }
            ],
            "os_profile_linux_config": [
              {
                "disable_password_authentication": false,
                "ssh_keys": []
              }
            ],
            "os_profile_secrets": [],
            "os_profile_windows_config": [],
            "plan": [],
            "primary_network_interface_id": null,
            "resource_group_name": "gpitfutre-vm-dev",
            "storage_data_disk": [],
            "storage_image_reference": [
              {
                "id": "",
                "offer": "UbuntuServer",
                "publisher": "Canonical",
                "sku": "18.04-LTS",
                "version": "latest"
              }
            ],
            "storage_os_disk": [
              {
                "caching": "ReadWrite",
                "create_option": "FromImage",
                "disk_size_gb": 30,
                "image_uri": "",
                "managed_disk_id": "/subscriptions/7b12a8a2-f06f-456f-b6f9-aa2d92e0b2ec/resourceGroups/gpitfutre-vm-dev/providers/Microsoft.Compute/disks/myosdisk1",
                "managed_disk_type": "Standard_LRS",
                "name": "myosdisk1",
                "os_type": "Linux",
                "vhd_uri": "",
                "write_accelerator_enabled": false
              }
            ],
            "tags": {
              "environment": "dev"
            },
            "vm_size": "Standard_D2_v3",
            "zones": []
          },
          "private": "bnVsbA==",
          "depends_on": [
            "azurerm_network_interface.vm",
            "azurerm_resource_group.virtual_machine"
          ]
        }
      ]
    },
    {
      "mode": "managed",
      "type": "azurerm_virtual_network",
      "name": "vnet",
      "provider": "provider.azurerm",
      "instances": [
        {
          "schema_version": 0,
          "attributes": {
            "address_space": [
              "10.100.0.0/21"
            ],
            "ddos_protection_plan": [],
            "dns_servers": [],
            "id": "/subscriptions/7b12a8a2-f06f-456f-b6f9-aa2d92e0b2ec/resourceGroups/gpitfutre-vnet-dev/providers/Microsoft.Network/virtualNetworks/gpitfutre-vnet-dev",
            "location": "uksouth",
            "name": "gpitfutre-vnet-dev",
            "resource_group_name": "gpitfutre-vnet-dev",
            "subnet": [
              {
                "address_prefix": "10.100.0.0/24",
                "id": "/subscriptions/7b12a8a2-f06f-456f-b6f9-aa2d92e0b2ec/resourceGroups/gpitfutre-vnet-dev/providers/Microsoft.Network/virtualNetworks/gpitfutre-vnet-dev/subnets/gpitfutre-bastion-dev",
                "name": "gpitfutre-bastion-dev",
                "security_group": ""
              },
              {
                "address_prefix": "10.100.1.0/24",
                "id": "/subscriptions/7b12a8a2-f06f-456f-b6f9-aa2d92e0b2ec/resourceGroups/gpitfutre-vnet-dev/providers/Microsoft.Network/virtualNetworks/gpitfutre-vnet-dev/subnets/gpitfutre-gateway-dev",
                "name": "gpitfutre-gateway-dev",
                "security_group": ""
              },
              {
                "address_prefix": "10.100.2.0/24",
                "id": "/subscriptions/7b12a8a2-f06f-456f-b6f9-aa2d92e0b2ec/resourceGroups/gpitfutre-vnet-dev/providers/Microsoft.Network/virtualNetworks/gpitfutre-vnet-dev/subnets/gpitfutre-aks-dev",
                "name": "gpitfutre-aks-dev",
                "security_group": ""
              },
              {
                "address_prefix": "10.100.3.0/24",
                "id": "/subscriptions/7b12a8a2-f06f-456f-b6f9-aa2d92e0b2ec/resourceGroups/gpitfutre-vnet-dev/providers/Microsoft.Network/virtualNetworks/gpitfutre-vnet-dev/subnets/gpitfutre-splunk-dev",
                "name": "gpitfutre-splunk-dev",
                "security_group": ""
              }
            ],
            "tags": {
              "environment": "dev"
            }
          },
          "private": "bnVsbA==",
          "depends_on": [
            "azurerm_resource_group.virtual_network"
          ]
        }
      ]
    }
  ]
}
