{
  "version": 4,
  "terraform_version": "0.12.3",
  "serial": 6,
  "lineage": "6dabdff3-5e30-c5a2-4c29-a01684d4831d",
  "outputs": {},
  "resources": [
    {
      "mode": "managed",
      "type": "azurerm_resource_group",
      "name": "sql",
      "provider": "provider.azurerm",
      "instances": [
        {
          "schema_version": 0,
          "attributes": {
            "id": "/subscriptions/79b7e973-fbcc-4525-a33c-08bc4a9fc4d7/resourceGroups/gpitfuture-sql-dev",
            "location": "uksouth",
            "name": "gpitfuture-sql-dev",
            "tags": {
              "environment": "var.environment"
            }
          }
        }
      ]
    },
    {
      "mode": "managed",
      "type": "azurerm_sql_database",
      "name": "sql",
      "provider": "provider.azurerm",
      "instances": [
        {
          "schema_version": 0,
          "attributes": {
            "collation": "SQL_Latin1_General_CP1_CI_AS",
            "create_mode": "Default",
            "creation_date": "2019-08-20T12:44:06.41Z",
            "default_secondary_location": "UK West",
            "edition": "GeneralPurpose",
            "elastic_pool_name": "",
            "encryption": "",
            "id": "/subscriptions/79b7e973-fbcc-4525-a33c-08bc4a9fc4d7/resourceGroups/gpitfuture-sql-dev/providers/Microsoft.Sql/servers/gpitfuture-sql-dev/databases/gpitfuture-db-dev",
            "import": [],
            "location": "uksouth",
            "max_size_bytes": "34359738368",
            "name": "gpitfuture-db-dev",
            "read_scale": false,
            "requested_service_objective_id": "f21733ad-9b9b-4d4e-a4fa-94a133c41718",
            "requested_service_objective_name": "GP_Gen5_2",
            "resource_group_name": "gpitfuture-sql-dev",
            "restore_point_in_time": null,
            "server_name": "gpitfuture-sql-dev",
            "source_database_deletion_date": null,
            "source_database_id": null,
            "tags": {},
            "threat_detection_policy": [
              {
                "disabled_alerts": [],
                "email_account_admins": "Disabled",
                "email_addresses": [],
                "retention_days": 0,
                "state": "Disabled",
                "storage_account_access_key": "",
                "storage_endpoint": "",
                "use_server_default": "Disabled"
              }
            ]
          },
          "depends_on": [
            "azurerm_resource_group.sql",
            "azurerm_sql_server.sql"
          ]
        }
      ]
    },
    {
      "mode": "managed",
      "type": "azurerm_sql_firewall_rule",
      "name": "sql",
      "provider": "provider.azurerm",
      "instances": [
        {
          "schema_version": 0,
          "attributes": {
            "end_ip_address": "0.0.0.0",
            "id": "/subscriptions/79b7e973-fbcc-4525-a33c-08bc4a9fc4d7/resourceGroups/gpitfuture-sql-dev/providers/Microsoft.Sql/servers/gpitfuture-sql-dev/firewallRules/azure_services",
            "name": "azure_services",
            "resource_group_name": "gpitfuture-sql-dev",
            "server_name": "gpitfuture-sql-dev",
            "start_ip_address": "0.0.0.0"
          },
          "private": "bnVsbA==",
          "depends_on": [
            "azurerm_resource_group.sql",
            "azurerm_sql_server.sql"
          ]
        }
      ]
    },
    {
      "mode": "managed",
      "type": "azurerm_sql_server",
      "name": "sql",
      "provider": "provider.azurerm",
      "instances": [
        {
          "schema_version": 0,
          "attributes": {
            "administrator_login": "gpitfutureadmin",
            "administrator_login_password": "MAhdzDHYb*Hy\u0026hQqAmwg3ujmU",
            "fully_qualified_domain_name": "gpitfuture-sql-dev.database.windows.net",
            "id": "/subscriptions/79b7e973-fbcc-4525-a33c-08bc4a9fc4d7/resourceGroups/gpitfuture-sql-dev/providers/Microsoft.Sql/servers/gpitfuture-sql-dev",
            "location": "uksouth",
            "name": "gpitfuture-sql-dev",
            "resource_group_name": "gpitfuture-sql-dev",
            "tags": {},
            "version": "12.0"
          },
          "depends_on": [
            "azurerm_resource_group.sql"
          ]
        }
      ]
    }
  ]
}
