{
  "version": 4,
  "terraform_version": "0.12.3",
  "serial": 23,
  "lineage": "6e24785e-66b5-fdcf-14b6-2eeacbfc2e3d",
  "outputs": {},
  "resources": [
    {
      "mode": "managed",
      "type": "azurerm_resource_group",
      "name": "storage",
      "provider": "provider.azurerm",
      "instances": [
        {
          "schema_version": 0,
          "attributes": {
            "id": "/subscriptions/79b7e973-fbcc-4525-a33c-08bc4a9fc4d7/resourceGroups/gpitfutre-sa-dev",
            "location": "uksouth",
            "name": "gpitfutre-sa-dev",
            "tags": {
              "environment": "dev"
            }
          },
          "private": "bnVsbA=="
        }
      ]
    },
    {
      "mode": "managed",
      "type": "azurerm_storage_account",
      "name": "storage",
      "provider": "provider.azurerm",
      "instances": [
        {
          "schema_version": 2,
          "attributes": {
            "access_tier": "Hot",
            "account_encryption_source": "Microsoft.Storage",
            "account_kind": "StorageV2",
            "account_replication_type": "GRS",
            "account_tier": "Standard",
            "account_type": "Standard_GRS",
            "custom_domain": [],
            "enable_advanced_threat_protection": false,
            "enable_blob_encryption": true,
            "enable_file_encryption": true,
            "enable_https_traffic_only": false,
            "id": "/subscriptions/79b7e973-fbcc-4525-a33c-08bc4a9fc4d7/resourceGroups/gpitfutre-sa-dev/providers/Microsoft.Storage/storageAccounts/gpitfutresadev",
            "identity": [],
            "is_hns_enabled": false,
            "location": "uksouth",
            "name": "gpitfutresadev",
            "network_rules": [],
            "primary_access_key": "qjrnmyVrPg7e/o2fpsZsx/LBe2OvL/sPrW4i0IotB2v3lrJUq7xy7wRvWxpe3vT6JmywAktNzpAhpTVCChhbdg==",
            "primary_blob_connection_string": "DefaultEndpointsProtocol=https;BlobEndpoint=https://gpitfutresadev.blob.core.windows.net/;AccountName=gpitfutresadev;AccountKey=qjrnmyVrPg7e/o2fpsZsx/LBe2OvL/sPrW4i0IotB2v3lrJUq7xy7wRvWxpe3vT6JmywAktNzpAhpTVCChhbdg==",
            "primary_blob_endpoint": "https://gpitfutresadev.blob.core.windows.net/",
            "primary_blob_host": "gpitfutresadev.blob.core.windows.net",
            "primary_connection_string": "DefaultEndpointsProtocol=https;AccountName=gpitfutresadev;AccountKey=qjrnmyVrPg7e/o2fpsZsx/LBe2OvL/sPrW4i0IotB2v3lrJUq7xy7wRvWxpe3vT6JmywAktNzpAhpTVCChhbdg==;EndpointSuffix=core.windows.net",
            "primary_dfs_endpoint": "https://gpitfutresadev.dfs.core.windows.net/",
            "primary_dfs_host": "gpitfutresadev.dfs.core.windows.net",
            "primary_file_endpoint": "https://gpitfutresadev.file.core.windows.net/",
            "primary_file_host": "gpitfutresadev.file.core.windows.net",
            "primary_location": "uksouth",
            "primary_queue_endpoint": "https://gpitfutresadev.queue.core.windows.net/",
            "primary_queue_host": "gpitfutresadev.queue.core.windows.net",
            "primary_table_endpoint": "https://gpitfutresadev.table.core.windows.net/",
            "primary_table_host": "gpitfutresadev.table.core.windows.net",
            "primary_web_endpoint": "https://gpitfutresadev.z33.web.core.windows.net/",
            "primary_web_host": "gpitfutresadev.z33.web.core.windows.net",
            "queue_properties": [
              {
                "cors_rule": [],
                "hour_metrics": [
                  {
                    "enabled": true,
                    "include_apis": true,
                    "retention_policy_days": 7,
                    "version": "1.0"
                  }
                ],
                "logging": [
                  {
                    "delete": false,
                    "read": false,
                    "retention_policy_days": 0,
                    "version": "1.0",
                    "write": false
                  }
                ],
                "minute_metrics": [
                  {
                    "enabled": false,
                    "include_apis": false,
                    "retention_policy_days": 0,
                    "version": "1.0"
                  }
                ]
              }
            ],
            "resource_group_name": "gpitfutre-sa-dev",
            "secondary_access_key": "OXKCf1MhGlsdByDk8EpwPGFRueT4U02wyxmMmuZ65IfHkSHFQcxavU+OTZCq9nmfNnXI/V526Cn/7zfYjyYh+Q==",
            "secondary_blob_connection_string": "",
            "secondary_blob_endpoint": null,
            "secondary_blob_host": null,
            "secondary_connection_string": "DefaultEndpointsProtocol=https;AccountName=gpitfutresadev;AccountKey=OXKCf1MhGlsdByDk8EpwPGFRueT4U02wyxmMmuZ65IfHkSHFQcxavU+OTZCq9nmfNnXI/V526Cn/7zfYjyYh+Q==;EndpointSuffix=core.windows.net",
            "secondary_dfs_endpoint": null,
            "secondary_dfs_host": null,
            "secondary_file_endpoint": null,
            "secondary_file_host": null,
            "secondary_location": "ukwest",
            "secondary_queue_endpoint": null,
            "secondary_queue_host": null,
            "secondary_table_endpoint": null,
            "secondary_table_host": null,
            "secondary_web_endpoint": null,
            "secondary_web_host": null,
            "tags": {}
          },
          "private": "eyJzY2hlbWFfdmVyc2lvbiI6IjIifQ==",
          "depends_on": [
            "azurerm_resource_group.storage"
          ]
        }
      ]
    }
  ]
}
